// !$*UTF8*$!
{
	archiveVersion = 1;
	classes = {
	};
	objectVersion = 50;
	objects = {

/* Begin PBXBuildFile section */
		4157246C24411E7400F4B7E0 /* AppDelegate.swift in Sources */ = {isa = PBXBuildFile; fileRef = 4157246B24411E7400F4B7E0 /* AppDelegate.swift */; };
		4157246E24411E7400F4B7E0 /* SceneDelegate.swift in Sources */ = {isa = PBXBuildFile; fileRef = 4157246D24411E7400F4B7E0 /* SceneDelegate.swift */; };
		4157247024411E7400F4B7E0 /* CameraViewController.swift in Sources */ = {isa = PBXBuildFile; fileRef = 4157246F24411E7400F4B7E0 /* CameraViewController.swift */; };
		4157247324411E7400F4B7E0 /* Main.storyboard in Resources */ = {isa = PBXBuildFile; fileRef = 4157247124411E7400F4B7E0 /* Main.storyboard */; };
		4157247524411E7500F4B7E0 /* Assets.xcassets in Resources */ = {isa = PBXBuildFile; fileRef = 4157247424411E7500F4B7E0 /* Assets.xcassets */; };
		4157247824411E7500F4B7E0 /* LaunchScreen.storyboard in Resources */ = {isa = PBXBuildFile; fileRef = 4157247624411E7500F4B7E0 /* LaunchScreen.storyboard */; };
		4157248324411E7500F4B7E0 /* VisionCameraDemoTests.swift in Sources */ = {isa = PBXBuildFile; fileRef = 4157248224411E7500F4B7E0 /* VisionCameraDemoTests.swift */; };
/* End PBXBuildFile section */

/* Begin PBXContainerItemProxy section */
		4157247F24411E7500F4B7E0 /* PBXContainerItemProxy */ = {
			isa = PBXContainerItemProxy;
			containerPortal = 4157246024411E7400F4B7E0 /* Project object */;
			proxyType = 1;
			remoteGlobalIDString = 4157246724411E7400F4B7E0;
			remoteInfo = VisionCameraDemo;
		};
/* End PBXContainerItemProxy section */

/* Begin PBXFileReference section */
		4157246824411E7400F4B7E0 /* VisionCameraDemo.app */ = {isa = PBXFileReference; explicitFileType = wrapper.application; includeInIndex = 0; path = VisionCameraDemo.app; sourceTree = BUILT_PRODUCTS_DIR; };
		4157246B24411E7400F4B7E0 /* AppDelegate.swift */ = {isa = PBXFileReference; lastKnownFileType = sourcecode.swift; path = AppDelegate.swift; sourceTree = "<group>"; };
		4157246D24411E7400F4B7E0 /* SceneDelegate.swift */ = {isa = PBXFileReference; lastKnownFileType = sourcecode.swift; path = SceneDelegate.swift; sourceTree = "<group>"; };
		4157246F24411E7400F4B7E0 /* CameraViewController.swift */ = {isa = PBXFileReference; lastKnownFileType = sourcecode.swift; path = CameraViewController.swift; sourceTree = "<group>"; };
		4157247224411E7400F4B7E0 /* Base */ = {isa = PBXFileReference; lastKnownFileType = file.storyboard; name = Base; path = Base.lproj/Main.storyboard; sourceTree = "<group>"; };
		4157247424411E7500F4B7E0 /* Assets.xcassets */ = {isa = PBXFileReference; lastKnownFileType = folder.assetcatalog; path = Assets.xcassets; sourceTree = "<group>"; };
		4157247724411E7500F4B7E0 /* Base */ = {isa = PBXFileReference; lastKnownFileType = file.storyboard; name = Base; path = Base.lproj/LaunchScreen.storyboard; sourceTree = "<group>"; };
		4157247924411E7500F4B7E0 /* Info.plist */ = {isa = PBXFileReference; lastKnownFileType = text.plist.xml; path = Info.plist; sourceTree = "<group>"; };
		4157247E24411E7500F4B7E0 /* VisionCameraDemoTests.xctest */ = {isa = PBXFileReference; explicitFileType = wrapper.cfbundle; includeInIndex = 0; path = VisionCameraDemoTests.xctest; sourceTree = BUILT_PRODUCTS_DIR; };
		4157248224411E7500F4B7E0 /* VisionCameraDemoTests.swift */ = {isa = PBXFileReference; lastKnownFileType = sourcecode.swift; path = VisionCameraDemoTests.swift; sourceTree = "<group>"; };
		4157248424411E7500F4B7E0 /* Info.plist */ = {isa = PBXFileReference; lastKnownFileType = text.plist.xml; path = Info.plist; sourceTree = "<group>"; };
/* End PBXFileReference section */

/* Begin PBXFrameworksBuildPhase section */
		4157246524411E7400F4B7E0 /* Frameworks */ = {
			isa = PBXFrameworksBuildPhase;
			buildActionMask = 2147483647;
			files = (
			);
			runOnlyForDeploymentPostprocessing = 0;
		};
		4157247B24411E7500F4B7E0 /* Frameworks */ = {
			isa = PBXFrameworksBuildPhase;
			buildActionMask = 2147483647;
			files = (
			);
			runOnlyForDeploymentPostprocessing = 0;
		};
/* End PBXFrameworksBuildPhase section */

/* Begin PBXGroup section */
		4157245F24411E7400F4B7E0 = {
			isa = PBXGroup;
			children = (
				4157246A24411E7400F4B7E0 /* VisionCameraDemo */,
				4157248124411E7500F4B7E0 /* VisionCameraDemoTests */,
				4157246924411E7400F4B7E0 /* Products */,
			);
			sourceTree = "<group>";
		};
		4157246924411E7400F4B7E0 /* Products */ = {
			isa = PBXGroup;
			children = (
				4157246824411E7400F4B7E0 /* VisionCameraDemo.app */,
				4157247E24411E7500F4B7E0 /* VisionCameraDemoTests.xctest */,
			);
			name = Products;
			sourceTree = "<group>";
		};
		4157246A24411E7400F4B7E0 /* VisionCameraDemo */ = {
			isa = PBXGroup;
			children = (
				4157247124411E7400F4B7E0 /* Main.storyboard */,
				4157246F24411E7400F4B7E0 /* CameraViewController.swift */,
				4157248D24411EF800F4B7E0 /* Support Files */,
				4157247924411E7500F4B7E0 /* Info.plist */,
			);
			path = VisionCameraDemo;
			sourceTree = "<group>";
		};
		4157248124411E7500F4B7E0 /* VisionCameraDemoTests */ = {
			isa = PBXGroup;
			children = (
				4157248224411E7500F4B7E0 /* VisionCameraDemoTests.swift */,
				4157248424411E7500F4B7E0 /* Info.plist */,
			);
			path = VisionCameraDemoTests;
			sourceTree = "<group>";
		};
		4157248D24411EF800F4B7E0 /* Support Files */ = {
			isa = PBXGroup;
			children = (
				4157246B24411E7400F4B7E0 /* AppDelegate.swift */,
				4157246D24411E7400F4B7E0 /* SceneDelegate.swift */,
				4157247424411E7500F4B7E0 /* Assets.xcassets */,
				4157247624411E7500F4B7E0 /* LaunchScreen.storyboard */,
			);
			path = "Support Files";
			sourceTree = "<group>";
		};
/* End PBXGroup section */

/* Begin PBXNativeTarget section */
		4157246724411E7400F4B7E0 /* VisionCameraDemo */ = {
			isa = PBXNativeTarget;
			buildConfigurationList = 4157248724411E7500F4B7E0 /* Build configuration list for PBXNativeTarget "VisionCameraDemo" */;
			buildPhases = (
				4157246424411E7400F4B7E0 /* Sources */,
				4157246524411E7400F4B7E0 /* Frameworks */,
				4157246624411E7400F4B7E0 /* Resources */,
			);
			buildRules = (
			);
			dependencies = (
			);
			name = VisionCameraDemo;
			productName = VisionCameraDemo;
			productReference = 4157246824411E7400F4B7E0 /* VisionCameraDemo.app */;
			productType = "com.apple.product-type.application";
		};
		4157247D24411E7500F4B7E0 /* VisionCameraDemoTests */ = {
			isa = PBXNativeTarget;
			buildConfigurationList = 4157248A24411E7500F4B7E0 /* Build configuration list for PBXNativeTarget "VisionCameraDemoTests" */;
			buildPhases = (
				4157247A24411E7500F4B7E0 /* Sources */,
				4157247B24411E7500F4B7E0 /* Frameworks */,
				4157247C24411E7500F4B7E0 /* Resources */,
			);
			buildRules = (
			);
			dependencies = (
				4157248024411E7500F4B7E0 /* PBXTargetDependency */,
			);
			name = VisionCameraDemoTests;
			productName = VisionCameraDemoTests;
			productReference = 4157247E24411E7500F4B7E0 /* VisionCameraDemoTests.xctest */;
			productType = "com.apple.product-type.bundle.unit-test";
		};
/* End PBXNativeTarget section */

/* Begin PBXProject section */
		4157246024411E7400F4B7E0 /* Project object */ = {
			isa = PBXProject;
			attributes = {
				LastSwiftUpdateCheck = 1130;
				LastUpgradeCheck = 1130;
				ORGANIZATIONNAME = "David Steppenbeck";
				TargetAttributes = {
					4157246724411E7400F4B7E0 = {
						CreatedOnToolsVersion = 11.3.1;
					};
					4157247D24411E7500F4B7E0 = {
						CreatedOnToolsVersion = 11.3.1;
						TestTargetID = 4157246724411E7400F4B7E0;
					};
				};
			};
			buildConfigurationList = 4157246324411E7400F4B7E0 /* Build configuration list for PBXProject "VisionCameraDemo" */;
			compatibilityVersion = "Xcode 9.3";
			developmentRegion = en;
			hasScannedForEncodings = 0;
			knownRegions = (
				en,
				Base,
			);
			mainGroup = 4157245F24411E7400F4B7E0;
			productRefGroup = 4157246924411E7400F4B7E0 /* Products */;
			projectDirPath = "";
			projectRoot = "";
			targets = (
				4157246724411E7400F4B7E0 /* VisionCameraDemo */,
				4157247D24411E7500F4B7E0 /* VisionCameraDemoTests */,
			);
		};
/* End PBXProject section */

/* Begin PBXResourcesBuildPhase section */
		4157246624411E7400F4B7E0 /* Resources */ = {
			isa = PBXResourcesBuildPhase;
			buildActionMask = 2147483647;
			files = (
				4157247824411E7500F4B7E0 /* LaunchScreen.storyboard in Resources */,
				4157247524411E7500F4B7E0 /* Assets.xcassets in Resources */,
				4157247324411E7400F4B7E0 /* Main.storyboard in Resources */,
			);
			runOnlyForDeploymentPostprocessing = 0;
		};
		4157247C24411E7500F4B7E0 /* Resources */ = {
			isa = PBXResourcesBuildPhase;
			buildActionMask = 2147483647;
			files = (
			);
			runOnlyForDeploymentPostprocessing = 0;
		};
/* End PBXResourcesBuildPhase section */

/* Begin PBXSourcesBuildPhase section */
		4157246424411E7400F4B7E0 /* Sources */ = {
			isa = PBXSourcesBuildPhase;
			buildActionMask = 2147483647;
			files = (
				4157247024411E7400F4B7E0 /* CameraViewController.swift in Sources */,
				4157246C24411E7400F4B7E0 /* AppDelegate.swift in Sources */,
				4157246E24411E7400F4B7E0 /* SceneDelegate.swift in Sources */,
			);
			runOnlyForDeploymentPostprocessing = 0;
		};
		4157247A24411E7500F4B7E0 /* Sources */ = {
			isa = PBXSourcesBuildPhase;
			buildActionMask = 2147483647;
			files = (
				4157248324411E7500F4B7E0 /* VisionCameraDemoTests.swift in Sources */,
			);
			runOnlyForDeploymentPostprocessing = 0;
		};
/* End PBXSourcesBuildPhase section */

/* Begin PBXTargetDependency section */
		4157248024411E7500F4B7E0 /* PBXTargetDependency */ = {
			isa = PBXTargetDependency;
			target = 4157246724411E7400F4B7E0 /* VisionCameraDemo */;
			targetProxy = 4157247F24411E7500F4B7E0 /* PBXContainerItemProxy */;
		};
/* End PBXTargetDependency section */

/* Begin PBXVariantGroup section */
		4157247124411E7400F4B7E0 /* Main.storyboard */ = {
			isa = PBXVariantGroup;
			children = (
				4157247224411E7400F4B7E0 /* Base */,
			);
			name = Main.storyboard;
			sourceTree = "<group>";
		};
		4157247624411E7500F4B7E0 /* LaunchScreen.storyboard */ = {
			isa = PBXVariantGroup;
			children = (
				4157247724411E7500F4B7E0 /* Base */,
			);
			name = LaunchScreen.storyboard;
			sourceTree = "<group>";
		};
/* End PBXVariantGroup section */

/* Begin XCBuildConfiguration section */
		4157248524411E7500F4B7E0 /* Debug */ = {
			isa = XCBuildConfiguration;
			buildSettings = {
				ALWAYS_SEARCH_USER_PATHS = NO;
				CLANG_ANALYZER_NONNULL = YES;
				CLANG_ANALYZER_NUMBER_OBJECT_CONVERSION = YES_AGGRESSIVE;
				CLANG_CXX_LANGUAGE_STANDARD = "gnu++14";
				CLANG_CXX_LIBRARY = "libc++";
				CLANG_ENABLE_MODULES = YES;
				CLANG_ENABLE_OBJC_ARC = YES;
				CLANG_ENABLE_OBJC_WEAK = YES;
				CLANG_WARN_BLOCK_CAPTURE_AUTORELEASING = YES;
				CLANG_WARN_BOOL_CONVERSION = YES;
				CLANG_WARN_COMMA = YES;
				CLANG_WARN_CONSTANT_CONVERSION = YES;
				CLANG_WARN_DEPRECATED_OBJC_IMPLEMENTATIONS = YES;
				CLANG_WARN_DIRECT_OBJC_ISA_USAGE = YES_ERROR;
				CLANG_WARN_DOCUMENTATION_COMMENTS = YES;
				CLANG_WARN_EMPTY_BODY = YES;
				CLANG_WARN_ENUM_CONVERSION = YES;
				CLANG_WARN_INFINITE_RECURSION = YES;
				CLANG_WARN_INT_CONVERSION = YES;
				CLANG_WARN_NON_LITERAL_NULL_CONVERSION = YES;
				CLANG_WARN_OBJC_IMPLICIT_RETAIN_SELF = YES;
				CLANG_WARN_OBJC_LITERAL_CONVERSION = YES;
				CLANG_WARN_OBJC_ROOT_CLASS = YES_ERROR;
				CLANG_WARN_RANGE_LOOP_ANALYSIS = YES;
				CLANG_WARN_STRICT_PROTOTYPES = YES;
				CLANG_WARN_SUSPICIOUS_MOVE = YES;
				CLANG_WARN_UNGUARDED_AVAILABILITY = YES_AGGRESSIVE;
				CLANG_WARN_UNREACHABLE_CODE = YES;
				CLANG_WARN__DUPLICATE_METHOD_MATCH = YES;
				COPY_PHASE_STRIP = NO;
				DEBUG_INFORMATION_FORMAT = dwarf;
				ENABLE_STRICT_OBJC_MSGSEND = YES;
				ENABLE_TESTABILITY = YES;
				GCC_C_LANGUAGE_STANDARD = gnu11;
				GCC_DYNAMIC_NO_PIC = NO;
				GCC_NO_COMMON_BLOCKS = YES;
				GCC_OPTIMIZATION_LEVEL = 0;
				GCC_PREPROCESSOR_DEFINITIONS = (
					"DEBUG=1",
					"$(inherited)",
				);
				GCC_WARN_64_TO_32_BIT_CONVERSION = YES;
				GCC_WARN_ABOUT_RETURN_TYPE = YES_ERROR;
				GCC_WARN_UNDECLARED_SELECTOR = YES;
				GCC_WARN_UNINITIALIZED_AUTOS = YES_AGGRESSIVE;
				GCC_WARN_UNUSED_FUNCTION = YES;
				GCC_WARN_UNUSED_VARIABLE = YES;
				IPHONEOS_DEPLOYMENT_TARGET = 13.2;
				MTL_ENABLE_DEBUG_INFO = INCLUDE_SOURCE;
				MTL_FAST_MATH = YES;
				ONLY_ACTIVE_ARCH = YES;
				SDKROOT = iphoneos;
				SWIFT_ACTIVE_COMPILATION_CONDITIONS = DEBUG;
				SWIFT_OPTIMIZATION_LEVEL = "-Onone";
			};
			name = Debug;
		};
		4157248624411E7500F4B7E0 /* Release */ = {
			isa = XCBuildConfiguration;
			buildSettings = {
				ALWAYS_SEARCH_USER_PATHS = NO;
				CLANG_ANALYZER_NONNULL = YES;
				CLANG_ANALYZER_NUMBER_OBJECT_CONVERSION = YES_AGGRESSIVE;
				CLANG_CXX_LANGUAGE_STANDARD = "gnu++14";
				CLANG_CXX_LIBRARY = "libc++";
				CLANG_ENABLE_MODULES = YES;
				CLANG_ENABLE_OBJC_ARC = YES;
				CLANG_ENABLE_OBJC_WEAK = YES;
				CLANG_WARN_BLOCK_CAPTURE_AUTORELEASING = YES;
				CLANG_WARN_BOOL_CONVERSION = YES;
				CLANG_WARN_COMMA = YES;
				CLANG_WARN_CONSTANT_CONVERSION = YES;
				CLANG_WARN_DEPRECATED_OBJC_IMPLEMENTATIONS = YES;
				CLANG_WARN_DIRECT_OBJC_ISA_USAGE = YES_ERROR;
				CLANG_WARN_DOCUMENTATION_COMMENTS = YES;
				CLANG_WARN_EMPTY_BODY = YES;
				CLANG_WARN_ENUM_CONVERSION = YES;
				CLANG_WARN_INFINITE_RECURSION = YES;
				CLANG_WARN_INT_CONVERSION = YES;
				CLANG_WARN_NON_LITERAL_NULL_CONVERSION = YES;
				CLANG_WARN_OBJC_IMPLICIT_RETAIN_SELF = YES;
				CLANG_WARN_OBJC_LITERAL_CONVERSION = YES;
				CLANG_WARN_OBJC_ROOT_CLASS = YES_ERROR;
				CLANG_WARN_RANGE_LOOP_ANALYSIS = YES;
				CLANG_WARN_STRICT_PROTOTYPES = YES;
				CLANG_WARN_SUSPICIOUS_MOVE = YES;
				CLANG_WARN_UNGUARDED_AVAILABILITY = YES_AGGRESSIVE;
				CLANG_WARN_UNREACHABLE_CODE = YES;
				CLANG_WARN__DUPLICATE_METHOD_MATCH = YES;
				COPY_PHASE_STRIP = NO;
				DEBUG_INFORMATION_FORMAT = "dwarf-with-dsym";
				ENABLE_NS_ASSERTIONS = NO;
				ENABLE_STRICT_OBJC_MSGSEND = YES;
				GCC_C_LANGUAGE_STANDARD = gnu11;
				GCC_NO_COMMON_BLOCKS = YES;
				GCC_WARN_64_TO_32_BIT_CONVERSION = YES;
				GCC_WARN_ABOUT_RETURN_TYPE = YES_ERROR;
				GCC_WARN_UNDECLARED_SELECTOR = YES;
				GCC_WARN_UNINITIALIZED_AUTOS = YES_AGGRESSIVE;
				GCC_WARN_UNUSED_FUNCTION = YES;
				GCC_WARN_UNUSED_VARIABLE = YES;
				IPHONEOS_DEPLOYMENT_TARGET = 13.2;
				MTL_ENABLE_DEBUG_INFO = NO;
				MTL_FAST_MATH = YES;
				SDKROOT = iphoneos;
				SWIFT_COMPILATION_MODE = wholemodule;
				SWIFT_OPTIMIZATION_LEVEL = "-O";
				VALIDATE_PRODUCT = YES;
			};
			name = Release;
		};
		4157248824411E7500F4B7E0 /* Debug */ = {
			isa = XCBuildConfiguration;
			buildSettings = {
				ASSETCATALOG_COMPILER_APPICON_NAME = AppIcon;
				CODE_SIGN_STYLE = Automatic;
				DEVELOPMENT_TEAM = 95MCL8JN62;
				INFOPLIST_FILE = VisionCameraDemo/Info.plist;
				IPHONEOS_DEPLOYMENT_TARGET = 13.0;
				LD_RUNPATH_SEARCH_PATHS = (
					"$(inherited)",
					"@executable_path/Frameworks",
				);
				PRODUCT_BUNDLE_IDENTIFIER = com.steppenbeck.VisionCameraDemo;
				PRODUCT_NAME = "$(TARGET_NAME)";
				SWIFT_VERSION = 5.0;
				TARGETED_DEVICE_FAMILY = 1;
			};
			name = Debug;
		};
		4157248924411E7500F4B7E0 /* Release */ = {
			isa = XCBuildConfiguration;
			buildSettings = {
				ASSETCATALOG_COMPILER_APPICON_NAME = AppIcon;
				CODE_SIGN_STYLE = Automatic;
				DEVELOPMENT_TEAM = 95MCL8JN62;
				INFOPLIST_FILE = VisionCameraDemo/Info.plist;
				IPHONEOS_DEPLOYMENT_TARGET = 13.0;
				LD_RUNPATH_SEARCH_PATHS = (
					"$(inherited)",
					"@executable_path/Frameworks",
				);
				PRODUCT_BUNDLE_IDENTIFIER = com.steppenbeck.VisionCameraDemo;
				PRODUCT_NAME = "$(TARGET_NAME)";
				SWIFT_VERSION = 5.0;
				TARGETED_DEVICE_FAMILY = 1;
			};
			name = Release;
		};
		4157248B24411E7500F4B7E0 /* Debug */ = {
			isa = XCBuildConfiguration;
			buildSettings = {
				ALWAYS_EMBED_SWIFT_STANDARD_LIBRARIES = YES;
				BUNDLE_LOADER = "$(TEST_HOST)";
				CODE_SIGN_STYLE = Automatic;
				DEVELOPMENT_TEAM = 95MCL8JN62;
				INFOPLIST_FILE = VisionCameraDemoTests/Info.plist;
				IPHONEOS_DEPLOYMENT_TARGET = 13.2;
				LD_RUNPATH_SEARCH_PATHS = (
					"$(inherited)",
					"@executable_path/Frameworks",
					"@loader_path/Frameworks",
				);
				PRODUCT_BUNDLE_IDENTIFIER = com.steppenbeck.VisionCameraDemoTests;
				PRODUCT_NAME = "$(TARGET_NAME)";
				SWIFT_VERSION = 5.0;
				TARGETED_DEVICE_FAMILY = "1,2";
				TEST_HOST = "$(BUILT_PRODUCTS_DIR)/VisionCameraDemo.app/VisionCameraDemo";
			};
			name = Debug;
		};
		4157248C24411E7500F4B7E0 /* Release */ = {
			isa = XCBuildConfiguration;
			buildSettings = {
				ALWAYS_EMBED_SWIFT_STANDARD_LIBRARIES = YES;
				BUNDLE_LOADER = "$(TEST_HOST)";
				CODE_SIGN_STYLE = Automatic;
				DEVELOPMENT_TEAM = 95MCL8JN62;
				INFOPLIST_FILE = VisionCameraDemoTests/Info.plist;
				IPHONEOS_DEPLOYMENT_TARGET = 13.2;
				LD_RUNPATH_SEARCH_PATHS = (
					"$(inherited)",
					"@executable_path/Frameworks",
					"@loader_path/Frameworks",
				);
				PRODUCT_BUNDLE_IDENTIFIER = com.steppenbeck.VisionCameraDemoTests;
				PRODUCT_NAME = "$(TARGET_NAME)";
				SWIFT_VERSION = 5.0;
				TARGETED_DEVICE_FAMILY = "1,2";
				TEST_HOST = "$(BUILT_PRODUCTS_DIR)/VisionCameraDemo.app/VisionCameraDemo";
			};
			name = Release;
		};
/* End XCBuildConfiguration section */

/* Begin XCConfigurationList section */
		4157246324411E7400F4B7E0 /* Build configuration list for PBXProject "VisionCameraDemo" */ = {
			isa = XCConfigurationList;
			buildConfigurations = (
				4157248524411E7500F4B7E0 /* Debug */,
				4157248624411E7500F4B7E0 /* Release */,
			);
			defaultConfigurationIsVisible = 0;
			defaultConfigurationName = Release;
		};
		4157248724411E7500F4B7E0 /* Build configuration list for PBXNativeTarget "VisionCameraDemo" */ = {
			isa = XCConfigurationList;
			buildConfigurations = (
				4157248824411E7500F4B7E0 /* Debug */,
				4157248924411E7500F4B7E0 /* Release */,
			);
			defaultConfigurationIsVisible = 0;
			defaultConfigurationName = Release;
		};
		4157248A24411E7500F4B7E0 /* Build configuration list for PBXNativeTarget "VisionCameraDemoTests" */ = {
			isa = XCConfigurationList;
			buildConfigurations = (
				4157248B24411E7500F4B7E0 /* Debug */,
				4157248C24411E7500F4B7E0 /* Release */,
			);
			defaultConfigurationIsVisible = 0;
			defaultConfigurationName = Release;
		};
/* End XCConfigurationList section */
	};
	rootObject = 4157246024411E7400F4B7E0 /* Project object */;
}
