// !$*UTF8*$!
{
	archiveVersion = 1;
	classes = {
	};
	objectVersion = 50;
	objects = {

/* Begin PBXBuildFile section */
		410FF63A245A0365003747DF /* CameraGridView.swift in Sources */ = {isa = PBXBuildFile; fileRef = 410FF639245A0365003747DF /* CameraGridView.swift */; };
		410FF63E245A329D003747DF /* Comparable+Utilities.swift in Sources */ = {isa = PBXBuildFile; fileRef = 410FF63D245A329D003747DF /* Comparable+Utilities.swift */; };
		410FF640245A3796003747DF /* ComparableTests.swift in Sources */ = {isa = PBXBuildFile; fileRef = 410FF63F245A3796003747DF /* ComparableTests.swift */; };
		410FF642245B2CAC003747DF /* UIView+Utilities.swift in Sources */ = {isa = PBXBuildFile; fileRef = 410FF641245B2CAC003747DF /* UIView+Utilities.swift */; };
		410FF644245B4967003747DF /* UIViewTests.swift in Sources */ = {isa = PBXBuildFile; fileRef = 410FF643245B4967003747DF /* UIViewTests.swift */; };
		410FF646245B4DDF003747DF /* UIBarButtonItem+Utilities.swift in Sources */ = {isa = PBXBuildFile; fileRef = 410FF645245B4DDF003747DF /* UIBarButtonItem+Utilities.swift */; };
		410FF648245B6B06003747DF /* CameraViewModel.swift in Sources */ = {isa = PBXBuildFile; fileRef = 410FF647245B6B06003747DF /* CameraViewModel.swift */; };
		410FF64B245B728F003747DF /* CameraModel.swift in Sources */ = {isa = PBXBuildFile; fileRef = 410FF64A245B728F003747DF /* CameraModel.swift */; };
		410FF64E245B771D003747DF /* CameraModelFactory.swift in Sources */ = {isa = PBXBuildFile; fileRef = 410FF64D245B771D003747DF /* CameraModelFactory.swift */; };
		410FF652245B8983003747DF /* SettingsModel.swift in Sources */ = {isa = PBXBuildFile; fileRef = 410FF651245B8983003747DF /* SettingsModel.swift */; };
		4125941E245C498F004BEB05 /* SettingsDataPersistenceManager.swift in Sources */ = {isa = PBXBuildFile; fileRef = 4125941D245C498F004BEB05 /* SettingsDataPersistenceManager.swift */; };
		41259420245C4C72004BEB05 /* UserDefaultsSettingsDataPersistenceManager.swift in Sources */ = {isa = PBXBuildFile; fileRef = 4125941F245C4C72004BEB05 /* UserDefaultsSettingsDataPersistenceManager.swift */; };
		41259422245C6F62004BEB05 /* SettingsViewModelFactory.swift in Sources */ = {isa = PBXBuildFile; fileRef = 41259421245C6F62004BEB05 /* SettingsViewModelFactory.swift */; };
		41259424245C7090004BEB05 /* SettingsModelFactory.swift in Sources */ = {isa = PBXBuildFile; fileRef = 41259423245C7090004BEB05 /* SettingsModelFactory.swift */; };
		41259426245DA370004BEB05 /* Array+Utilities.swift in Sources */ = {isa = PBXBuildFile; fileRef = 41259425245DA370004BEB05 /* Array+Utilities.swift */; };
		41259428245DA3A3004BEB05 /* ArrayTests.swift in Sources */ = {isa = PBXBuildFile; fileRef = 41259427245DA3A3004BEB05 /* ArrayTests.swift */; };
		4125942E245DE6C3004BEB05 /* NotificationCenter+Utilities.swift in Sources */ = {isa = PBXBuildFile; fileRef = 4125942D245DE6C3004BEB05 /* NotificationCenter+Utilities.swift */; };
		41259430245DF768004BEB05 /* CameraViewModelFactory.swift in Sources */ = {isa = PBXBuildFile; fileRef = 4125942F245DF768004BEB05 /* CameraViewModelFactory.swift */; };
		41259432245DFC34004BEB05 /* CaptureSessionManagerFactory.swift in Sources */ = {isa = PBXBuildFile; fileRef = 41259431245DFC34004BEB05 /* CaptureSessionManagerFactory.swift */; };
		41259434245F7515004BEB05 /* TitleConvertible.swift in Sources */ = {isa = PBXBuildFile; fileRef = 41259433245F7515004BEB05 /* TitleConvertible.swift */; };
		4125943F24608944004BEB05 /* Main.storyboard in Resources */ = {isa = PBXBuildFile; fileRef = 4125943D24608944004BEB05 /* Main.storyboard */; };
		412594412460BAF0004BEB05 /* Appearance.swift in Sources */ = {isa = PBXBuildFile; fileRef = 412594402460BAF0004BEB05 /* Appearance.swift */; };
		412594432460BBC5004BEB05 /* AppearanceManager.swift in Sources */ = {isa = PBXBuildFile; fileRef = 412594422460BBC5004BEB05 /* AppearanceManager.swift */; };
		4125944524619F4A004BEB05 /* UIAlertViewController+Utilities.swift in Sources */ = {isa = PBXBuildFile; fileRef = 4125944424619F4A004BEB05 /* UIAlertViewController+Utilities.swift */; };
		412594472461A428004BEB05 /* UIAlertControllerTests.swift in Sources */ = {isa = PBXBuildFile; fileRef = 412594462461A428004BEB05 /* UIAlertControllerTests.swift */; };
		412594492461A6A3004BEB05 /* UIAlertAction+Utilities.swift in Sources */ = {isa = PBXBuildFile; fileRef = 412594482461A6A3004BEB05 /* UIAlertAction+Utilities.swift */; };
		4125944B2461A76C004BEB05 /* UIAlertActionTests.swift in Sources */ = {isa = PBXBuildFile; fileRef = 4125944A2461A76C004BEB05 /* UIAlertActionTests.swift */; };
		4125944D2461DD20004BEB05 /* VideoResolution.swift in Sources */ = {isa = PBXBuildFile; fileRef = 4125944C2461DD20004BEB05 /* VideoResolution.swift */; };
		4125944F24630D3E004BEB05 /* CameraCaptureSession.swift in Sources */ = {isa = PBXBuildFile; fileRef = 4125944E24630D3E004BEB05 /* CameraCaptureSession.swift */; };
		4125945124633586004BEB05 /* UIViewController+Utilities.swift in Sources */ = {isa = PBXBuildFile; fileRef = 4125945024633586004BEB05 /* UIViewController+Utilities.swift */; };
		4125945324641BF6004BEB05 /* CameraCaptureSessionManagerConvertible.swift in Sources */ = {isa = PBXBuildFile; fileRef = 4125945224641BF6004BEB05 /* CameraCaptureSessionManagerConvertible.swift */; };
		412594552464859E004BEB05 /* CameraViewModelTests.swift in Sources */ = {isa = PBXBuildFile; fileRef = 412594542464859E004BEB05 /* CameraViewModelTests.swift */; };
		4125945724648ACD004BEB05 /* CameraModelTests.swift in Sources */ = {isa = PBXBuildFile; fileRef = 4125945624648ACD004BEB05 /* CameraModelTests.swift */; };
		4125945924649589004BEB05 /* SettingsModelTests.swift in Sources */ = {isa = PBXBuildFile; fileRef = 4125945824649589004BEB05 /* SettingsModelTests.swift */; };
		4125945B24649B5D004BEB05 /* SettingsViewModelTests.swift in Sources */ = {isa = PBXBuildFile; fileRef = 4125945A24649B5D004BEB05 /* SettingsViewModelTests.swift */; };
		4125945D24657AE2004BEB05 /* AppearanceManagerTests.swift in Sources */ = {isa = PBXBuildFile; fileRef = 4125945C24657AE2004BEB05 /* AppearanceManagerTests.swift */; };
		4125945F2465A064004BEB05 /* VideoResolutionTests.swift in Sources */ = {isa = PBXBuildFile; fileRef = 4125945E2465A064004BEB05 /* VideoResolutionTests.swift */; };
		412594632465A5CA004BEB05 /* UserDefaultsTests.swift in Sources */ = {isa = PBXBuildFile; fileRef = 412594622465A5CA004BEB05 /* UserDefaultsTests.swift */; };
		412594652465A8F7004BEB05 /* TitleConvertibleTests.swift in Sources */ = {isa = PBXBuildFile; fileRef = 412594642465A8F7004BEB05 /* TitleConvertibleTests.swift */; };
		41376C79244F86BC00FB6934 /* BundleTests.swift in Sources */ = {isa = PBXBuildFile; fileRef = 41376C78244F86BC00FB6934 /* BundleTests.swift */; };
		41376C7D2450BB2C00FB6934 /* PhotoCaptureDelegate.swift in Sources */ = {isa = PBXBuildFile; fileRef = 41376C7C2450BB2C00FB6934 /* PhotoCaptureDelegate.swift */; };
		41376C7F2450F4D000FB6934 /* AVCaptureConnection+Utilities.swift in Sources */ = {isa = PBXBuildFile; fileRef = 41376C7E2450F4D000FB6934 /* AVCaptureConnection+Utilities.swift */; };
		41376C812450FC7700FB6934 /* AVCaptureSession+Utilities.swift in Sources */ = {isa = PBXBuildFile; fileRef = 41376C802450FC7700FB6934 /* AVCaptureSession+Utilities.swift */; };
		41376C892453397F00FB6934 /* UIApplication+Utilities.swift in Sources */ = {isa = PBXBuildFile; fileRef = 41376C882453397F00FB6934 /* UIApplication+Utilities.swift */; };
		41376C8B24533F9800FB6934 /* SocialMediaURLType.swift in Sources */ = {isa = PBXBuildFile; fileRef = 41376C8A24533F9800FB6934 /* SocialMediaURLType.swift */; };
		41376C8D24533FDA00FB6934 /* TwitterManager.swift in Sources */ = {isa = PBXBuildFile; fileRef = 41376C8C24533FDA00FB6934 /* TwitterManager.swift */; };
		41376C902453428600FB6934 /* SocialMediaManager.swift in Sources */ = {isa = PBXBuildFile; fileRef = 41376C8F2453428600FB6934 /* SocialMediaManager.swift */; };
		41376C92245344DC00FB6934 /* TwitterManagerTests.swift in Sources */ = {isa = PBXBuildFile; fileRef = 41376C91245344DC00FB6934 /* TwitterManagerTests.swift */; };
		41376C942453759E00FB6934 /* SettingsMailComposeDelegate.swift in Sources */ = {isa = PBXBuildFile; fileRef = 41376C932453759E00FB6934 /* SettingsMailComposeDelegate.swift */; };
		41376C962454CEB700FB6934 /* MediaAuthorizationManager.swift in Sources */ = {isa = PBXBuildFile; fileRef = 41376C952454CEB700FB6934 /* MediaAuthorizationManager.swift */; };
		41376C982454D37D00FB6934 /* UserDefaults.swift in Sources */ = {isa = PBXBuildFile; fileRef = 41376C972454D37D00FB6934 /* UserDefaults.swift */; };
		41376CCE2459A38E00FB6934 /* MFMailComposeViewControllerFactory.swift in Sources */ = {isa = PBXBuildFile; fileRef = 41376CCD2459A38E00FB6934 /* MFMailComposeViewControllerFactory.swift */; };
		41376CD02459AD6800FB6934 /* SettingsTableViewController+UITableViewDelegate.swift in Sources */ = {isa = PBXBuildFile; fileRef = 41376CCF2459AD6800FB6934 /* SettingsTableViewController+UITableViewDelegate.swift */; };
		4157246C24411E7400F4B7E0 /* AppDelegate.swift in Sources */ = {isa = PBXBuildFile; fileRef = 4157246B24411E7400F4B7E0 /* AppDelegate.swift */; };
		4157246E24411E7400F4B7E0 /* SceneDelegate.swift in Sources */ = {isa = PBXBuildFile; fileRef = 4157246D24411E7400F4B7E0 /* SceneDelegate.swift */; };
		4157247024411E7400F4B7E0 /* CameraViewController.swift in Sources */ = {isa = PBXBuildFile; fileRef = 4157246F24411E7400F4B7E0 /* CameraViewController.swift */; };
		4157247524411E7500F4B7E0 /* Assets.xcassets in Resources */ = {isa = PBXBuildFile; fileRef = 4157247424411E7500F4B7E0 /* Assets.xcassets */; };
		4157247824411E7500F4B7E0 /* LaunchScreen.storyboard in Resources */ = {isa = PBXBuildFile; fileRef = 4157247624411E7500F4B7E0 /* LaunchScreen.storyboard */; };
		41572490244128E300F4B7E0 /* Colors.xcassets in Resources */ = {isa = PBXBuildFile; fileRef = 4157248F244128E300F4B7E0 /* Colors.xcassets */; };
		415724942441FCEC00F4B7E0 /* Storyboarded.swift in Sources */ = {isa = PBXBuildFile; fileRef = 415724932441FCEC00F4B7E0 /* Storyboarded.swift */; };
		415724962442055100F4B7E0 /* Coordinator.swift in Sources */ = {isa = PBXBuildFile; fileRef = 415724952442055100F4B7E0 /* Coordinator.swift */; };
		41572498244205AA00F4B7E0 /* CameraCoordinator.swift in Sources */ = {isa = PBXBuildFile; fileRef = 41572497244205AA00F4B7E0 /* CameraCoordinator.swift */; };
		41A83DD52459DA24005128E0 /* Settings.storyboard in Resources */ = {isa = PBXBuildFile; fileRef = 41A83DD42459DA24005128E0 /* Settings.storyboard */; };
		41A83DD82459DAE5005128E0 /* SettingsViewModel.swift in Sources */ = {isa = PBXBuildFile; fileRef = 41A83DD72459DAE5005128E0 /* SettingsViewModel.swift */; };
		41A83DDB2459ECD3005128E0 /* Notification+Utilities.swift in Sources */ = {isa = PBXBuildFile; fileRef = 41A83DDA2459ECD3005128E0 /* Notification+Utilities.swift */; };
		41ADF3DC2444ADA0005426E5 /* CameraViewControllerCoordinator.swift in Sources */ = {isa = PBXBuildFile; fileRef = 41ADF3DB2444ADA0005426E5 /* CameraViewControllerCoordinator.swift */; };
		41ADF3DE2444C67B005426E5 /* CaptureSessionManager.swift in Sources */ = {isa = PBXBuildFile; fileRef = 41ADF3DD2444C67B005426E5 /* CaptureSessionManager.swift */; };
		41ADF3E52444F4C2005426E5 /* Bundle+Utilities.swift in Sources */ = {isa = PBXBuildFile; fileRef = 41ADF3E42444F4C2005426E5 /* Bundle+Utilities.swift */; };
		41ADF3EA2445E95D005426E5 /* CaptureSessionManagerTests.swift in Sources */ = {isa = PBXBuildFile; fileRef = 41ADF3E92445E95D005426E5 /* CaptureSessionManagerTests.swift */; };
		41ADF3EC24460EC8005426E5 /* CaptureSessionManagerDelegate.swift in Sources */ = {isa = PBXBuildFile; fileRef = 41ADF3EB24460EC8005426E5 /* CaptureSessionManagerDelegate.swift */; };
		41ADF3EE24460EF9005426E5 /* CaptureSessionManagerError.swift in Sources */ = {isa = PBXBuildFile; fileRef = 41ADF3ED24460EF9005426E5 /* CaptureSessionManagerError.swift */; };
		41ADF3F224463496005426E5 /* CameraViewController+CaptureSessionManagerDelegate.swift in Sources */ = {isa = PBXBuildFile; fileRef = 41ADF3F124463496005426E5 /* CameraViewController+CaptureSessionManagerDelegate.swift */; };
		41ADF3F424463691005426E5 /* ErrorHandlerCoordinator.swift in Sources */ = {isa = PBXBuildFile; fileRef = 41ADF3F324463690005426E5 /* ErrorHandlerCoordinator.swift */; };
		41ADF3F6244638FB005426E5 /* UIAlertController+Utilities.swift in Sources */ = {isa = PBXBuildFile; fileRef = 41ADF3F5244638FB005426E5 /* UIAlertController+Utilities.swift */; };
		41ADF3FA24466006005426E5 /* CameraAuthorizationManager.swift in Sources */ = {isa = PBXBuildFile; fileRef = 41ADF3F924466006005426E5 /* CameraAuthorizationManager.swift */; };
		41FB931A244788060097F45E /* CameraView.swift in Sources */ = {isa = PBXBuildFile; fileRef = 41FB9319244788060097F45E /* CameraView.swift */; };
		41FB931C244894250097F45E /* CameraViewTests.swift in Sources */ = {isa = PBXBuildFile; fileRef = 41FB931B244894250097F45E /* CameraViewTests.swift */; };
		41FB931E2448C9890097F45E /* CameraButton.swift in Sources */ = {isa = PBXBuildFile; fileRef = 41FB931D2448C9890097F45E /* CameraButton.swift */; };
		41FB93202448CF0F0097F45E /* CGRect+Utilities.swift in Sources */ = {isa = PBXBuildFile; fileRef = 41FB931F2448CF0F0097F45E /* CGRect+Utilities.swift */; };
		41FB93222448D7040097F45E /* CGRectTests.swift in Sources */ = {isa = PBXBuildFile; fileRef = 41FB93212448D7040097F45E /* CGRectTests.swift */; };
		41FB932424490F560097F45E /* CameraButtonTests.swift in Sources */ = {isa = PBXBuildFile; fileRef = 41FB932324490F560097F45E /* CameraButtonTests.swift */; };
		41FB93262449E9180097F45E /* AudioSessionManager.swift in Sources */ = {isa = PBXBuildFile; fileRef = 41FB93252449E9180097F45E /* AudioSessionManager.swift */; };
		41FB93282449ED360097F45E /* AudioSessionManagerTests.swift in Sources */ = {isa = PBXBuildFile; fileRef = 41FB93272449ED360097F45E /* AudioSessionManagerTests.swift */; };
		41FB932C244A39A00097F45E /* SettingsTableViewController.swift in Sources */ = {isa = PBXBuildFile; fileRef = 41FB932B244A39A00097F45E /* SettingsTableViewController.swift */; };
		41FB932E244A3D650097F45E /* SettingsCoordinator.swift in Sources */ = {isa = PBXBuildFile; fileRef = 41FB932D244A3D650097F45E /* SettingsCoordinator.swift */; };
		41FB9330244A3E320097F45E /* SettingsTableViewControllerCoordinator.swift in Sources */ = {isa = PBXBuildFile; fileRef = 41FB932F244A3E320097F45E /* SettingsTableViewControllerCoordinator.swift */; };
		41FB9332244B76A70097F45E /* ChildCoordinator.swift in Sources */ = {isa = PBXBuildFile; fileRef = 41FB9331244B76A70097F45E /* ChildCoordinator.swift */; };
		41FB9334244B77790097F45E /* ParentCoordinator.swift in Sources */ = {isa = PBXBuildFile; fileRef = 41FB9333244B77790097F45E /* ParentCoordinator.swift */; };
		41FB9336244CC5960097F45E /* DispatchQueue+Utilities.swift in Sources */ = {isa = PBXBuildFile; fileRef = 41FB9335244CC5960097F45E /* DispatchQueue+Utilities.swift */; };
/* End PBXBuildFile section */

/* Begin PBXContainerItemProxy section */
		4157247F24411E7500F4B7E0 /* PBXContainerItemProxy */ = {
			isa = PBXContainerItemProxy;
			containerPortal = 4157246024411E7400F4B7E0 /* Project object */;
			proxyType = 1;
			remoteGlobalIDString = 4157246724411E7400F4B7E0;
			remoteInfo = VisionCameraDemo;
		};
/* End PBXContainerItemProxy section */

/* Begin PBXFileReference section */
		410FF639245A0365003747DF /* CameraGridView.swift */ = {isa = PBXFileReference; lastKnownFileType = sourcecode.swift; path = CameraGridView.swift; sourceTree = "<group>"; };
		410FF63D245A329D003747DF /* Comparable+Utilities.swift */ = {isa = PBXFileReference; lastKnownFileType = sourcecode.swift; path = "Comparable+Utilities.swift"; sourceTree = "<group>"; };
		410FF63F245A3796003747DF /* ComparableTests.swift */ = {isa = PBXFileReference; lastKnownFileType = sourcecode.swift; path = ComparableTests.swift; sourceTree = "<group>"; };
		410FF641245B2CAC003747DF /* UIView+Utilities.swift */ = {isa = PBXFileReference; lastKnownFileType = sourcecode.swift; path = "UIView+Utilities.swift"; sourceTree = "<group>"; };
		410FF643245B4967003747DF /* UIViewTests.swift */ = {isa = PBXFileReference; lastKnownFileType = sourcecode.swift; path = UIViewTests.swift; sourceTree = "<group>"; };
		410FF645245B4DDF003747DF /* UIBarButtonItem+Utilities.swift */ = {isa = PBXFileReference; lastKnownFileType = sourcecode.swift; path = "UIBarButtonItem+Utilities.swift"; sourceTree = "<group>"; };
		410FF647245B6B06003747DF /* CameraViewModel.swift */ = {isa = PBXFileReference; lastKnownFileType = sourcecode.swift; path = CameraViewModel.swift; sourceTree = "<group>"; };
		410FF64A245B728F003747DF /* CameraModel.swift */ = {isa = PBXFileReference; lastKnownFileType = sourcecode.swift; path = CameraModel.swift; sourceTree = "<group>"; };
		410FF64D245B771D003747DF /* CameraModelFactory.swift */ = {isa = PBXFileReference; lastKnownFileType = sourcecode.swift; path = CameraModelFactory.swift; sourceTree = "<group>"; };
		410FF651245B8983003747DF /* SettingsModel.swift */ = {isa = PBXFileReference; lastKnownFileType = sourcecode.swift; path = SettingsModel.swift; sourceTree = "<group>"; };
		4125941D245C498F004BEB05 /* SettingsDataPersistenceManager.swift */ = {isa = PBXFileReference; lastKnownFileType = sourcecode.swift; path = SettingsDataPersistenceManager.swift; sourceTree = "<group>"; };
		4125941F245C4C72004BEB05 /* UserDefaultsSettingsDataPersistenceManager.swift */ = {isa = PBXFileReference; lastKnownFileType = sourcecode.swift; path = UserDefaultsSettingsDataPersistenceManager.swift; sourceTree = "<group>"; };
		41259421245C6F62004BEB05 /* SettingsViewModelFactory.swift */ = {isa = PBXFileReference; lastKnownFileType = sourcecode.swift; path = SettingsViewModelFactory.swift; sourceTree = "<group>"; };
		41259423245C7090004BEB05 /* SettingsModelFactory.swift */ = {isa = PBXFileReference; lastKnownFileType = sourcecode.swift; path = SettingsModelFactory.swift; sourceTree = "<group>"; };
		41259425245DA370004BEB05 /* Array+Utilities.swift */ = {isa = PBXFileReference; lastKnownFileType = sourcecode.swift; path = "Array+Utilities.swift"; sourceTree = "<group>"; };
		41259427245DA3A3004BEB05 /* ArrayTests.swift */ = {isa = PBXFileReference; lastKnownFileType = sourcecode.swift; path = ArrayTests.swift; sourceTree = "<group>"; };
		4125942D245DE6C3004BEB05 /* NotificationCenter+Utilities.swift */ = {isa = PBXFileReference; lastKnownFileType = sourcecode.swift; path = "NotificationCenter+Utilities.swift"; sourceTree = "<group>"; };
		4125942F245DF768004BEB05 /* CameraViewModelFactory.swift */ = {isa = PBXFileReference; lastKnownFileType = sourcecode.swift; path = CameraViewModelFactory.swift; sourceTree = "<group>"; };
		41259431245DFC34004BEB05 /* CaptureSessionManagerFactory.swift */ = {isa = PBXFileReference; lastKnownFileType = sourcecode.swift; path = CaptureSessionManagerFactory.swift; sourceTree = "<group>"; };
		41259433245F7515004BEB05 /* TitleConvertible.swift */ = {isa = PBXFileReference; lastKnownFileType = sourcecode.swift; path = TitleConvertible.swift; sourceTree = "<group>"; };
		4125943E24608944004BEB05 /* Base */ = {isa = PBXFileReference; lastKnownFileType = file.storyboard; name = Base; path = Base.lproj/Main.storyboard; sourceTree = "<group>"; };
		412594402460BAF0004BEB05 /* Appearance.swift */ = {isa = PBXFileReference; lastKnownFileType = sourcecode.swift; path = Appearance.swift; sourceTree = "<group>"; };
		412594422460BBC5004BEB05 /* AppearanceManager.swift */ = {isa = PBXFileReference; lastKnownFileType = sourcecode.swift; path = AppearanceManager.swift; sourceTree = "<group>"; };
		4125944424619F4A004BEB05 /* UIAlertViewController+Utilities.swift */ = {isa = PBXFileReference; lastKnownFileType = sourcecode.swift; path = "UIAlertViewController+Utilities.swift"; sourceTree = "<group>"; };
		412594462461A428004BEB05 /* UIAlertControllerTests.swift */ = {isa = PBXFileReference; lastKnownFileType = sourcecode.swift; path = UIAlertControllerTests.swift; sourceTree = "<group>"; };
		412594482461A6A3004BEB05 /* UIAlertAction+Utilities.swift */ = {isa = PBXFileReference; lastKnownFileType = sourcecode.swift; path = "UIAlertAction+Utilities.swift"; sourceTree = "<group>"; };
		4125944A2461A76C004BEB05 /* UIAlertActionTests.swift */ = {isa = PBXFileReference; lastKnownFileType = sourcecode.swift; path = UIAlertActionTests.swift; sourceTree = "<group>"; };
		4125944C2461DD20004BEB05 /* VideoResolution.swift */ = {isa = PBXFileReference; lastKnownFileType = sourcecode.swift; path = VideoResolution.swift; sourceTree = "<group>"; };
		4125944E24630D3E004BEB05 /* CameraCaptureSession.swift */ = {isa = PBXFileReference; lastKnownFileType = sourcecode.swift; path = CameraCaptureSession.swift; sourceTree = "<group>"; };
		4125945024633586004BEB05 /* UIViewController+Utilities.swift */ = {isa = PBXFileReference; lastKnownFileType = sourcecode.swift; path = "UIViewController+Utilities.swift"; sourceTree = "<group>"; };
		4125945224641BF6004BEB05 /* CameraCaptureSessionManagerConvertible.swift */ = {isa = PBXFileReference; lastKnownFileType = sourcecode.swift; path = CameraCaptureSessionManagerConvertible.swift; sourceTree = "<group>"; };
		412594542464859E004BEB05 /* CameraViewModelTests.swift */ = {isa = PBXFileReference; lastKnownFileType = sourcecode.swift; path = CameraViewModelTests.swift; sourceTree = "<group>"; };
		4125945624648ACD004BEB05 /* CameraModelTests.swift */ = {isa = PBXFileReference; lastKnownFileType = sourcecode.swift; path = CameraModelTests.swift; sourceTree = "<group>"; };
		4125945824649589004BEB05 /* SettingsModelTests.swift */ = {isa = PBXFileReference; lastKnownFileType = sourcecode.swift; path = SettingsModelTests.swift; sourceTree = "<group>"; };
		4125945A24649B5D004BEB05 /* SettingsViewModelTests.swift */ = {isa = PBXFileReference; lastKnownFileType = sourcecode.swift; path = SettingsViewModelTests.swift; sourceTree = "<group>"; };
		4125945C24657AE2004BEB05 /* AppearanceManagerTests.swift */ = {isa = PBXFileReference; lastKnownFileType = sourcecode.swift; path = AppearanceManagerTests.swift; sourceTree = "<group>"; };
		4125945E2465A064004BEB05 /* VideoResolutionTests.swift */ = {isa = PBXFileReference; lastKnownFileType = sourcecode.swift; path = VideoResolutionTests.swift; sourceTree = "<group>"; };
		412594622465A5CA004BEB05 /* UserDefaultsTests.swift */ = {isa = PBXFileReference; lastKnownFileType = sourcecode.swift; path = UserDefaultsTests.swift; sourceTree = "<group>"; };
		412594642465A8F7004BEB05 /* TitleConvertibleTests.swift */ = {isa = PBXFileReference; lastKnownFileType = sourcecode.swift; path = TitleConvertibleTests.swift; sourceTree = "<group>"; };
		41376C78244F86BC00FB6934 /* BundleTests.swift */ = {isa = PBXFileReference; lastKnownFileType = sourcecode.swift; path = BundleTests.swift; sourceTree = "<group>"; };
		41376C7C2450BB2C00FB6934 /* PhotoCaptureDelegate.swift */ = {isa = PBXFileReference; lastKnownFileType = sourcecode.swift; path = PhotoCaptureDelegate.swift; sourceTree = "<group>"; };
		41376C7E2450F4D000FB6934 /* AVCaptureConnection+Utilities.swift */ = {isa = PBXFileReference; lastKnownFileType = sourcecode.swift; path = "AVCaptureConnection+Utilities.swift"; sourceTree = "<group>"; };
		41376C802450FC7700FB6934 /* AVCaptureSession+Utilities.swift */ = {isa = PBXFileReference; lastKnownFileType = sourcecode.swift; path = "AVCaptureSession+Utilities.swift"; sourceTree = "<group>"; };
		41376C882453397F00FB6934 /* UIApplication+Utilities.swift */ = {isa = PBXFileReference; lastKnownFileType = sourcecode.swift; path = "UIApplication+Utilities.swift"; sourceTree = "<group>"; };
		41376C8A24533F9800FB6934 /* SocialMediaURLType.swift */ = {isa = PBXFileReference; lastKnownFileType = sourcecode.swift; path = SocialMediaURLType.swift; sourceTree = "<group>"; };
		41376C8C24533FDA00FB6934 /* TwitterManager.swift */ = {isa = PBXFileReference; lastKnownFileType = sourcecode.swift; path = TwitterManager.swift; sourceTree = "<group>"; };
		41376C8F2453428600FB6934 /* SocialMediaManager.swift */ = {isa = PBXFileReference; lastKnownFileType = sourcecode.swift; path = SocialMediaManager.swift; sourceTree = "<group>"; };
		41376C91245344DC00FB6934 /* TwitterManagerTests.swift */ = {isa = PBXFileReference; lastKnownFileType = sourcecode.swift; path = TwitterManagerTests.swift; sourceTree = "<group>"; };
		41376C932453759E00FB6934 /* SettingsMailComposeDelegate.swift */ = {isa = PBXFileReference; lastKnownFileType = sourcecode.swift; path = SettingsMailComposeDelegate.swift; sourceTree = "<group>"; };
		41376C952454CEB700FB6934 /* MediaAuthorizationManager.swift */ = {isa = PBXFileReference; lastKnownFileType = sourcecode.swift; path = MediaAuthorizationManager.swift; sourceTree = "<group>"; };
		41376C972454D37D00FB6934 /* UserDefaults.swift */ = {isa = PBXFileReference; lastKnownFileType = sourcecode.swift; path = UserDefaults.swift; sourceTree = "<group>"; };
		41376CCD2459A38E00FB6934 /* MFMailComposeViewControllerFactory.swift */ = {isa = PBXFileReference; lastKnownFileType = sourcecode.swift; path = MFMailComposeViewControllerFactory.swift; sourceTree = "<group>"; };
		41376CCF2459AD6800FB6934 /* SettingsTableViewController+UITableViewDelegate.swift */ = {isa = PBXFileReference; lastKnownFileType = sourcecode.swift; path = "SettingsTableViewController+UITableViewDelegate.swift"; sourceTree = "<group>"; };
		4157246824411E7400F4B7E0 /* VisionCameraDemo.app */ = {isa = PBXFileReference; explicitFileType = wrapper.application; includeInIndex = 0; path = VisionCameraDemo.app; sourceTree = BUILT_PRODUCTS_DIR; };
		4157246B24411E7400F4B7E0 /* AppDelegate.swift */ = {isa = PBXFileReference; lastKnownFileType = sourcecode.swift; path = AppDelegate.swift; sourceTree = "<group>"; };
		4157246D24411E7400F4B7E0 /* SceneDelegate.swift */ = {isa = PBXFileReference; lastKnownFileType = sourcecode.swift; path = SceneDelegate.swift; sourceTree = "<group>"; };
		4157246F24411E7400F4B7E0 /* CameraViewController.swift */ = {isa = PBXFileReference; lastKnownFileType = sourcecode.swift; path = CameraViewController.swift; sourceTree = "<group>"; };
		4157247424411E7500F4B7E0 /* Assets.xcassets */ = {isa = PBXFileReference; lastKnownFileType = folder.assetcatalog; path = Assets.xcassets; sourceTree = "<group>"; };
		4157247724411E7500F4B7E0 /* Base */ = {isa = PBXFileReference; lastKnownFileType = file.storyboard; name = Base; path = Base.lproj/LaunchScreen.storyboard; sourceTree = "<group>"; };
		4157247924411E7500F4B7E0 /* Info.plist */ = {isa = PBXFileReference; lastKnownFileType = text.plist.xml; path = Info.plist; sourceTree = "<group>"; };
		4157247E24411E7500F4B7E0 /* VisionCameraDemoTests.xctest */ = {isa = PBXFileReference; explicitFileType = wrapper.cfbundle; includeInIndex = 0; path = VisionCameraDemoTests.xctest; sourceTree = BUILT_PRODUCTS_DIR; };
		4157248424411E7500F4B7E0 /* Info.plist */ = {isa = PBXFileReference; lastKnownFileType = text.plist.xml; path = Info.plist; sourceTree = "<group>"; };
		4157248F244128E300F4B7E0 /* Colors.xcassets */ = {isa = PBXFileReference; lastKnownFileType = folder.assetcatalog; path = Colors.xcassets; sourceTree = "<group>"; };
		415724932441FCEC00F4B7E0 /* Storyboarded.swift */ = {isa = PBXFileReference; lastKnownFileType = sourcecode.swift; path = Storyboarded.swift; sourceTree = "<group>"; };
		415724952442055100F4B7E0 /* Coordinator.swift */ = {isa = PBXFileReference; lastKnownFileType = sourcecode.swift; path = Coordinator.swift; sourceTree = "<group>"; };
		41572497244205AA00F4B7E0 /* CameraCoordinator.swift */ = {isa = PBXFileReference; lastKnownFileType = sourcecode.swift; path = CameraCoordinator.swift; sourceTree = "<group>"; };
		41A83DD42459DA24005128E0 /* Settings.storyboard */ = {isa = PBXFileReference; fileEncoding = 4; lastKnownFileType = file.storyboard; path = Settings.storyboard; sourceTree = "<group>"; };
		41A83DD72459DAE5005128E0 /* SettingsViewModel.swift */ = {isa = PBXFileReference; lastKnownFileType = sourcecode.swift; path = SettingsViewModel.swift; sourceTree = "<group>"; };
		41A83DDA2459ECD3005128E0 /* Notification+Utilities.swift */ = {isa = PBXFileReference; lastKnownFileType = sourcecode.swift; path = "Notification+Utilities.swift"; sourceTree = "<group>"; };
		41ADF3DB2444ADA0005426E5 /* CameraViewControllerCoordinator.swift */ = {isa = PBXFileReference; lastKnownFileType = sourcecode.swift; path = CameraViewControllerCoordinator.swift; sourceTree = "<group>"; };
		41ADF3DD2444C67B005426E5 /* CaptureSessionManager.swift */ = {isa = PBXFileReference; lastKnownFileType = sourcecode.swift; path = CaptureSessionManager.swift; sourceTree = "<group>"; };
		41ADF3E42444F4C2005426E5 /* Bundle+Utilities.swift */ = {isa = PBXFileReference; lastKnownFileType = sourcecode.swift; path = "Bundle+Utilities.swift"; sourceTree = "<group>"; };
		41ADF3E82445E95D005426E5 /* VisionCameraDemoTests-Bridging-Header.h */ = {isa = PBXFileReference; lastKnownFileType = sourcecode.c.h; path = "VisionCameraDemoTests-Bridging-Header.h"; sourceTree = "<group>"; };
		41ADF3E92445E95D005426E5 /* CaptureSessionManagerTests.swift */ = {isa = PBXFileReference; lastKnownFileType = sourcecode.swift; path = CaptureSessionManagerTests.swift; sourceTree = "<group>"; };
		41ADF3EB24460EC8005426E5 /* CaptureSessionManagerDelegate.swift */ = {isa = PBXFileReference; lastKnownFileType = sourcecode.swift; path = CaptureSessionManagerDelegate.swift; sourceTree = "<group>"; };
		41ADF3ED24460EF9005426E5 /* CaptureSessionManagerError.swift */ = {isa = PBXFileReference; lastKnownFileType = sourcecode.swift; path = CaptureSessionManagerError.swift; sourceTree = "<group>"; };
		41ADF3F124463496005426E5 /* CameraViewController+CaptureSessionManagerDelegate.swift */ = {isa = PBXFileReference; lastKnownFileType = sourcecode.swift; path = "CameraViewController+CaptureSessionManagerDelegate.swift"; sourceTree = "<group>"; };
		41ADF3F324463690005426E5 /* ErrorHandlerCoordinator.swift */ = {isa = PBXFileReference; lastKnownFileType = sourcecode.swift; path = ErrorHandlerCoordinator.swift; sourceTree = "<group>"; };
		41ADF3F5244638FB005426E5 /* UIAlertController+Utilities.swift */ = {isa = PBXFileReference; lastKnownFileType = sourcecode.swift; path = "UIAlertController+Utilities.swift"; sourceTree = "<group>"; };
		41ADF3F924466006005426E5 /* CameraAuthorizationManager.swift */ = {isa = PBXFileReference; lastKnownFileType = sourcecode.swift; path = CameraAuthorizationManager.swift; sourceTree = "<group>"; };
		41FB9319244788060097F45E /* CameraView.swift */ = {isa = PBXFileReference; lastKnownFileType = sourcecode.swift; path = CameraView.swift; sourceTree = "<group>"; };
		41FB931B244894250097F45E /* CameraViewTests.swift */ = {isa = PBXFileReference; lastKnownFileType = sourcecode.swift; path = CameraViewTests.swift; sourceTree = "<group>"; };
		41FB931D2448C9890097F45E /* CameraButton.swift */ = {isa = PBXFileReference; lastKnownFileType = sourcecode.swift; path = CameraButton.swift; sourceTree = "<group>"; };
		41FB931F2448CF0F0097F45E /* CGRect+Utilities.swift */ = {isa = PBXFileReference; lastKnownFileType = sourcecode.swift; path = "CGRect+Utilities.swift"; sourceTree = "<group>"; };
		41FB93212448D7040097F45E /* CGRectTests.swift */ = {isa = PBXFileReference; lastKnownFileType = sourcecode.swift; path = CGRectTests.swift; sourceTree = "<group>"; };
		41FB932324490F560097F45E /* CameraButtonTests.swift */ = {isa = PBXFileReference; lastKnownFileType = sourcecode.swift; path = CameraButtonTests.swift; sourceTree = "<group>"; };
		41FB93252449E9180097F45E /* AudioSessionManager.swift */ = {isa = PBXFileReference; lastKnownFileType = sourcecode.swift; path = AudioSessionManager.swift; sourceTree = "<group>"; };
		41FB93272449ED360097F45E /* AudioSessionManagerTests.swift */ = {isa = PBXFileReference; lastKnownFileType = sourcecode.swift; path = AudioSessionManagerTests.swift; sourceTree = "<group>"; };
		41FB932B244A39A00097F45E /* SettingsTableViewController.swift */ = {isa = PBXFileReference; lastKnownFileType = sourcecode.swift; path = SettingsTableViewController.swift; sourceTree = "<group>"; };
		41FB932D244A3D650097F45E /* SettingsCoordinator.swift */ = {isa = PBXFileReference; lastKnownFileType = sourcecode.swift; path = SettingsCoordinator.swift; sourceTree = "<group>"; };
		41FB932F244A3E320097F45E /* SettingsTableViewControllerCoordinator.swift */ = {isa = PBXFileReference; lastKnownFileType = sourcecode.swift; path = SettingsTableViewControllerCoordinator.swift; sourceTree = "<group>"; };
		41FB9331244B76A70097F45E /* ChildCoordinator.swift */ = {isa = PBXFileReference; lastKnownFileType = sourcecode.swift; path = ChildCoordinator.swift; sourceTree = "<group>"; };
		41FB9333244B77790097F45E /* ParentCoordinator.swift */ = {isa = PBXFileReference; lastKnownFileType = sourcecode.swift; path = ParentCoordinator.swift; sourceTree = "<group>"; };
		41FB9335244CC5960097F45E /* DispatchQueue+Utilities.swift */ = {isa = PBXFileReference; lastKnownFileType = sourcecode.swift; path = "DispatchQueue+Utilities.swift"; sourceTree = "<group>"; };
/* End PBXFileReference section */

/* Begin PBXFrameworksBuildPhase section */
		4157246524411E7400F4B7E0 /* Frameworks */ = {
			isa = PBXFrameworksBuildPhase;
			buildActionMask = 2147483647;
			files = (
			);
			runOnlyForDeploymentPostprocessing = 0;
		};
		4157247B24411E7500F4B7E0 /* Frameworks */ = {
			isa = PBXFrameworksBuildPhase;
			buildActionMask = 2147483647;
			files = (
			);
			runOnlyForDeploymentPostprocessing = 0;
		};
/* End PBXFrameworksBuildPhase section */

/* Begin PBXGroup section */
		410FF649245B6B0D003747DF /* View Model */ = {
			isa = PBXGroup;
			children = (
				410FF647245B6B06003747DF /* CameraViewModel.swift */,
				4125942F245DF768004BEB05 /* CameraViewModelFactory.swift */,
			);
			path = "View Model";
			sourceTree = "<group>";
		};
		410FF64C245B729A003747DF /* Model */ = {
			isa = PBXGroup;
			children = (
				410FF64A245B728F003747DF /* CameraModel.swift */,
				410FF64D245B771D003747DF /* CameraModelFactory.swift */,
			);
			path = Model;
			sourceTree = "<group>";
		};
		410FF653245B898A003747DF /* Model */ = {
			isa = PBXGroup;
			children = (
				410FF651245B8983003747DF /* SettingsModel.swift */,
				41259423245C7090004BEB05 /* SettingsModelFactory.swift */,
			);
			path = Model;
			sourceTree = "<group>";
		};
		41259435245F7559004BEB05 /* Delegates */ = {
			isa = PBXGroup;
			children = (
				4157246B24411E7400F4B7E0 /* AppDelegate.swift */,
				4157246D24411E7400F4B7E0 /* SceneDelegate.swift */,
			);
			path = Delegates;
			sourceTree = "<group>";
		};
		41259436245F76F1004BEB05 /* Protocols */ = {
			isa = PBXGroup;
			children = (
				415724932441FCEC00F4B7E0 /* Storyboarded.swift */,
				41259433245F7515004BEB05 /* TitleConvertible.swift */,
			);
			path = Protocols;
			sourceTree = "<group>";
		};
		41376C8E2453400600FB6934 /* Social Media */ = {
			isa = PBXGroup;
			children = (
				41376C8A24533F9800FB6934 /* SocialMediaURLType.swift */,
				41376C8F2453428600FB6934 /* SocialMediaManager.swift */,
				41376C8C24533FDA00FB6934 /* TwitterManager.swift */,
			);
			path = "Social Media";
			sourceTree = "<group>";
		};
		414622932459B5DE001F2F73 /* Settings */ = {
			isa = PBXGroup;
			children = (
				414622962459B69F001F2F73 /* Coordinator */,
				41A83DD62459DA2C005128E0 /* View */,
				414622952459B691001F2F73 /* View Controller */,
				41A83DD92459DAEB005128E0 /* View Model */,
				410FF653245B898A003747DF /* Model */,
				414622972459B6C7001F2F73 /* Support Files */,
			);
			path = Settings;
			sourceTree = "<group>";
		};
		414622952459B691001F2F73 /* View Controller */ = {
			isa = PBXGroup;
			children = (
				41FB932B244A39A00097F45E /* SettingsTableViewController.swift */,
				41376CCF2459AD6800FB6934 /* SettingsTableViewController+UITableViewDelegate.swift */,
			);
			path = "View Controller";
			sourceTree = "<group>";
		};
		414622962459B69F001F2F73 /* Coordinator */ = {
			isa = PBXGroup;
			children = (
				41FB932D244A3D650097F45E /* SettingsCoordinator.swift */,
				41FB932F244A3E320097F45E /* SettingsTableViewControllerCoordinator.swift */,
			);
			path = Coordinator;
			sourceTree = "<group>";
		};
		414622972459B6C7001F2F73 /* Support Files */ = {
			isa = PBXGroup;
			children = (
				4125941D245C498F004BEB05 /* SettingsDataPersistenceManager.swift */,
				4125941F245C4C72004BEB05 /* UserDefaultsSettingsDataPersistenceManager.swift */,
				41376CCD2459A38E00FB6934 /* MFMailComposeViewControllerFactory.swift */,
				41376C932453759E00FB6934 /* SettingsMailComposeDelegate.swift */,
			);
			path = "Support Files";
			sourceTree = "<group>";
		};
		414622982459B77B001F2F73 /* Camera */ = {
			isa = PBXGroup;
			children = (
				414622992459B7AB001F2F73 /* Coordinator */,
				4146229A2459B7CF001F2F73 /* View */,
				4146229B2459B7ED001F2F73 /* View Controller */,
				410FF649245B6B0D003747DF /* View Model */,
				410FF64C245B729A003747DF /* Model */,
				4146229C2459B80B001F2F73 /* Support Files */,
			);
			path = Camera;
			sourceTree = "<group>";
		};
		414622992459B7AB001F2F73 /* Coordinator */ = {
			isa = PBXGroup;
			children = (
				41572497244205AA00F4B7E0 /* CameraCoordinator.swift */,
				41ADF3DB2444ADA0005426E5 /* CameraViewControllerCoordinator.swift */,
			);
			path = Coordinator;
			sourceTree = "<group>";
		};
		4146229A2459B7CF001F2F73 /* View */ = {
			isa = PBXGroup;
			children = (
				41FB9319244788060097F45E /* CameraView.swift */,
				410FF639245A0365003747DF /* CameraGridView.swift */,
				41FB931D2448C9890097F45E /* CameraButton.swift */,
			);
			path = View;
			sourceTree = "<group>";
		};
		4146229B2459B7ED001F2F73 /* View Controller */ = {
			isa = PBXGroup;
			children = (
				4157246F24411E7400F4B7E0 /* CameraViewController.swift */,
				41ADF3F124463496005426E5 /* CameraViewController+CaptureSessionManagerDelegate.swift */,
			);
			path = "View Controller";
			sourceTree = "<group>";
		};
		4146229C2459B80B001F2F73 /* Support Files */ = {
			isa = PBXGroup;
			children = (
				4125944E24630D3E004BEB05 /* CameraCaptureSession.swift */,
				4125945224641BF6004BEB05 /* CameraCaptureSessionManagerConvertible.swift */,
				41ADF3DD2444C67B005426E5 /* CaptureSessionManager.swift */,
				41ADF3EB24460EC8005426E5 /* CaptureSessionManagerDelegate.swift */,
				41ADF3ED24460EF9005426E5 /* CaptureSessionManagerError.swift */,
				41259431245DFC34004BEB05 /* CaptureSessionManagerFactory.swift */,
				41376C952454CEB700FB6934 /* MediaAuthorizationManager.swift */,
				41ADF3F924466006005426E5 /* CameraAuthorizationManager.swift */,
				41376C7C2450BB2C00FB6934 /* PhotoCaptureDelegate.swift */,
			);
			path = "Support Files";
			sourceTree = "<group>";
		};
		4157245F24411E7400F4B7E0 = {
			isa = PBXGroup;
			children = (
				4157246A24411E7400F4B7E0 /* VisionCameraDemo */,
				4157248124411E7500F4B7E0 /* VisionCameraDemoTests */,
				4157246924411E7400F4B7E0 /* Products */,
			);
			sourceTree = "<group>";
		};
		4157246924411E7400F4B7E0 /* Products */ = {
			isa = PBXGroup;
			children = (
				4157246824411E7400F4B7E0 /* VisionCameraDemo.app */,
				4157247E24411E7500F4B7E0 /* VisionCameraDemoTests.xctest */,
			);
			name = Products;
			sourceTree = "<group>";
		};
		4157246A24411E7400F4B7E0 /* VisionCameraDemo */ = {
			isa = PBXGroup;
			children = (
				4125943D24608944004BEB05 /* Main.storyboard */,
				41ADF3DA2444AD45005426E5 /* Coordinators */,
				414622982459B77B001F2F73 /* Camera */,
				414622932459B5DE001F2F73 /* Settings */,
				4157248D24411EF800F4B7E0 /* Support Files */,
				4157247924411E7500F4B7E0 /* Info.plist */,
			);
			path = VisionCameraDemo;
			sourceTree = "<group>";
		};
		4157248124411E7500F4B7E0 /* VisionCameraDemoTests */ = {
			isa = PBXGroup;
			children = (
				4125945C24657AE2004BEB05 /* AppearanceManagerTests.swift */,
				41259427245DA3A3004BEB05 /* ArrayTests.swift */,
				41FB93272449ED360097F45E /* AudioSessionManagerTests.swift */,
				41376C78244F86BC00FB6934 /* BundleTests.swift */,
				41FB932324490F560097F45E /* CameraButtonTests.swift */,
				4125945624648ACD004BEB05 /* CameraModelTests.swift */,
				41FB931B244894250097F45E /* CameraViewTests.swift */,
				412594542464859E004BEB05 /* CameraViewModelTests.swift */,
				41ADF3E92445E95D005426E5 /* CaptureSessionManagerTests.swift */,
				41FB93212448D7040097F45E /* CGRectTests.swift */,
				410FF63F245A3796003747DF /* ComparableTests.swift */,
				4125945824649589004BEB05 /* SettingsModelTests.swift */,
				4125945A24649B5D004BEB05 /* SettingsViewModelTests.swift */,
				412594642465A8F7004BEB05 /* TitleConvertibleTests.swift */,
				41376C91245344DC00FB6934 /* TwitterManagerTests.swift */,
				4125944A2461A76C004BEB05 /* UIAlertActionTests.swift */,
				412594462461A428004BEB05 /* UIAlertControllerTests.swift */,
				410FF643245B4967003747DF /* UIViewTests.swift */,
				412594622465A5CA004BEB05 /* UserDefaultsTests.swift */,
				4125945E2465A064004BEB05 /* VideoResolutionTests.swift */,
				4157248424411E7500F4B7E0 /* Info.plist */,
				41ADF3E82445E95D005426E5 /* VisionCameraDemoTests-Bridging-Header.h */,
			);
			path = VisionCameraDemoTests;
			sourceTree = "<group>";
		};
		4157248D24411EF800F4B7E0 /* Support Files */ = {
			isa = PBXGroup;
			children = (
				4157247624411E7500F4B7E0 /* LaunchScreen.storyboard */,
				412594402460BAF0004BEB05 /* Appearance.swift */,
				412594422460BBC5004BEB05 /* AppearanceManager.swift */,
				41FB93252449E9180097F45E /* AudioSessionManager.swift */,
				41376C972454D37D00FB6934 /* UserDefaults.swift */,
				4125944C2461DD20004BEB05 /* VideoResolution.swift */,
				4157247424411E7500F4B7E0 /* Assets.xcassets */,
				4157248F244128E300F4B7E0 /* Colors.xcassets */,
				41259435245F7559004BEB05 /* Delegates */,
				41259436245F76F1004BEB05 /* Protocols */,
				41376C8E2453400600FB6934 /* Social Media */,
				41ADF3E32444F360005426E5 /* Utilities */,
			);
			path = "Support Files";
			sourceTree = "<group>";
		};
		41A83DD62459DA2C005128E0 /* View */ = {
			isa = PBXGroup;
			children = (
				41A83DD42459DA24005128E0 /* Settings.storyboard */,
			);
			path = View;
			sourceTree = "<group>";
		};
		41A83DD92459DAEB005128E0 /* View Model */ = {
			isa = PBXGroup;
			children = (
				41A83DD72459DAE5005128E0 /* SettingsViewModel.swift */,
				41259421245C6F62004BEB05 /* SettingsViewModelFactory.swift */,
			);
			path = "View Model";
			sourceTree = "<group>";
		};
		41ADF3DA2444AD45005426E5 /* Coordinators */ = {
			isa = PBXGroup;
			children = (
				415724952442055100F4B7E0 /* Coordinator.swift */,
				41FB9333244B77790097F45E /* ParentCoordinator.swift */,
				41FB9331244B76A70097F45E /* ChildCoordinator.swift */,
				41ADF3F324463690005426E5 /* ErrorHandlerCoordinator.swift */,
			);
			path = Coordinators;
			sourceTree = "<group>";
		};
		41ADF3E32444F360005426E5 /* Utilities */ = {
			isa = PBXGroup;
			children = (
				41259425245DA370004BEB05 /* Array+Utilities.swift */,
				41376C7E2450F4D000FB6934 /* AVCaptureConnection+Utilities.swift */,
				41376C802450FC7700FB6934 /* AVCaptureSession+Utilities.swift */,
				41ADF3E42444F4C2005426E5 /* Bundle+Utilities.swift */,
				41FB931F2448CF0F0097F45E /* CGRect+Utilities.swift */,
				410FF63D245A329D003747DF /* Comparable+Utilities.swift */,
				41FB9335244CC5960097F45E /* DispatchQueue+Utilities.swift */,
				41A83DDA2459ECD3005128E0 /* Notification+Utilities.swift */,
				4125942D245DE6C3004BEB05 /* NotificationCenter+Utilities.swift */,
				412594482461A6A3004BEB05 /* UIAlertAction+Utilities.swift */,
				41ADF3F5244638FB005426E5 /* UIAlertController+Utilities.swift */,
				4125944424619F4A004BEB05 /* UIAlertViewController+Utilities.swift */,
				41376C882453397F00FB6934 /* UIApplication+Utilities.swift */,
				410FF645245B4DDF003747DF /* UIBarButtonItem+Utilities.swift */,
				410FF641245B2CAC003747DF /* UIView+Utilities.swift */,
				4125945024633586004BEB05 /* UIViewController+Utilities.swift */,
			);
			path = Utilities;
			sourceTree = "<group>";
		};
/* End PBXGroup section */

/* Begin PBXNativeTarget section */
		4157246724411E7400F4B7E0 /* VisionCameraDemo */ = {
			isa = PBXNativeTarget;
			buildConfigurationList = 4157248724411E7500F4B7E0 /* Build configuration list for PBXNativeTarget "VisionCameraDemo" */;
			buildPhases = (
				4157246424411E7400F4B7E0 /* Sources */,
				4157246524411E7400F4B7E0 /* Frameworks */,
				4157246624411E7400F4B7E0 /* Resources */,
			);
			buildRules = (
			);
			dependencies = (
			);
			name = VisionCameraDemo;
			productName = VisionCameraDemo;
			productReference = 4157246824411E7400F4B7E0 /* VisionCameraDemo.app */;
			productType = "com.apple.product-type.application";
		};
		4157247D24411E7500F4B7E0 /* VisionCameraDemoTests */ = {
			isa = PBXNativeTarget;
			buildConfigurationList = 4157248A24411E7500F4B7E0 /* Build configuration list for PBXNativeTarget "VisionCameraDemoTests" */;
			buildPhases = (
				4157247A24411E7500F4B7E0 /* Sources */,
				4157247B24411E7500F4B7E0 /* Frameworks */,
				4157247C24411E7500F4B7E0 /* Resources */,
			);
			buildRules = (
			);
			dependencies = (
				4157248024411E7500F4B7E0 /* PBXTargetDependency */,
			);
			name = VisionCameraDemoTests;
			productName = VisionCameraDemoTests;
			productReference = 4157247E24411E7500F4B7E0 /* VisionCameraDemoTests.xctest */;
			productType = "com.apple.product-type.bundle.unit-test";
		};
/* End PBXNativeTarget section */

/* Begin PBXProject section */
		4157246024411E7400F4B7E0 /* Project object */ = {
			isa = PBXProject;
			attributes = {
				LastSwiftUpdateCheck = 1130;
				LastUpgradeCheck = 1130;
				ORGANIZATIONNAME = "David Steppenbeck";
				TargetAttributes = {
					4157246724411E7400F4B7E0 = {
						CreatedOnToolsVersion = 11.3.1;
					};
					4157247D24411E7500F4B7E0 = {
						CreatedOnToolsVersion = 11.3.1;
						LastSwiftMigration = 1130;
						TestTargetID = 4157246724411E7400F4B7E0;
					};
				};
			};
			buildConfigurationList = 4157246324411E7400F4B7E0 /* Build configuration list for PBXProject "VisionCameraDemo" */;
			compatibilityVersion = "Xcode 9.3";
			developmentRegion = en;
			hasScannedForEncodings = 0;
			knownRegions = (
				en,
				Base,
			);
			mainGroup = 4157245F24411E7400F4B7E0;
			productRefGroup = 4157246924411E7400F4B7E0 /* Products */;
			projectDirPath = "";
			projectRoot = "";
			targets = (
				4157246724411E7400F4B7E0 /* VisionCameraDemo */,
				4157247D24411E7500F4B7E0 /* VisionCameraDemoTests */,
			);
		};
/* End PBXProject section */

/* Begin PBXResourcesBuildPhase section */
		4157246624411E7400F4B7E0 /* Resources */ = {
			isa = PBXResourcesBuildPhase;
			buildActionMask = 2147483647;
			files = (
				4157247824411E7500F4B7E0 /* LaunchScreen.storyboard in Resources */,
				4125943F24608944004BEB05 /* Main.storyboard in Resources */,
				41572490244128E300F4B7E0 /* Colors.xcassets in Resources */,
				4157247524411E7500F4B7E0 /* Assets.xcassets in Resources */,
				41A83DD52459DA24005128E0 /* Settings.storyboard in Resources */,
			);
			runOnlyForDeploymentPostprocessing = 0;
		};
		4157247C24411E7500F4B7E0 /* Resources */ = {
			isa = PBXResourcesBuildPhase;
			buildActionMask = 2147483647;
			files = (
			);
			runOnlyForDeploymentPostprocessing = 0;
		};
/* End PBXResourcesBuildPhase section */

/* Begin PBXSourcesBuildPhase section */
		4157246424411E7400F4B7E0 /* Sources */ = {
			isa = PBXSourcesBuildPhase;
			buildActionMask = 2147483647;
			files = (
				41259426245DA370004BEB05 /* Array+Utilities.swift in Sources */,
				410FF652245B8983003747DF /* SettingsModel.swift in Sources */,
				41FB9334244B77790097F45E /* ParentCoordinator.swift in Sources */,
				41376C8B24533F9800FB6934 /* SocialMediaURLType.swift in Sources */,
				4125944524619F4A004BEB05 /* UIAlertViewController+Utilities.swift in Sources */,
				41376C962454CEB700FB6934 /* MediaAuthorizationManager.swift in Sources */,
				410FF646245B4DDF003747DF /* UIBarButtonItem+Utilities.swift in Sources */,
				41FB93262449E9180097F45E /* AudioSessionManager.swift in Sources */,
				41376C812450FC7700FB6934 /* AVCaptureSession+Utilities.swift in Sources */,
				41A83DD82459DAE5005128E0 /* SettingsViewModel.swift in Sources */,
				4157247024411E7400F4B7E0 /* CameraViewController.swift in Sources */,
				410FF63E245A329D003747DF /* Comparable+Utilities.swift in Sources */,
				41376C7F2450F4D000FB6934 /* AVCaptureConnection+Utilities.swift in Sources */,
				41ADF3FA24466006005426E5 /* CameraAuthorizationManager.swift in Sources */,
				41ADF3DE2444C67B005426E5 /* CaptureSessionManager.swift in Sources */,
				41FB932E244A3D650097F45E /* SettingsCoordinator.swift in Sources */,
				412594432460BBC5004BEB05 /* AppearanceManager.swift in Sources */,
				41376C7D2450BB2C00FB6934 /* PhotoCaptureDelegate.swift in Sources */,
				41259434245F7515004BEB05 /* TitleConvertible.swift in Sources */,
				41ADF3E52444F4C2005426E5 /* Bundle+Utilities.swift in Sources */,
				4125945124633586004BEB05 /* UIViewController+Utilities.swift in Sources */,
				41572498244205AA00F4B7E0 /* CameraCoordinator.swift in Sources */,
				41376C942453759E00FB6934 /* SettingsMailComposeDelegate.swift in Sources */,
				41ADF3EE24460EF9005426E5 /* CaptureSessionManagerError.swift in Sources */,
				415724942441FCEC00F4B7E0 /* Storyboarded.swift in Sources */,
				41ADF3F224463496005426E5 /* CameraViewController+CaptureSessionManagerDelegate.swift in Sources */,
				410FF63A245A0365003747DF /* CameraGridView.swift in Sources */,
				41FB93202448CF0F0097F45E /* CGRect+Utilities.swift in Sources */,
				41A83DDB2459ECD3005128E0 /* Notification+Utilities.swift in Sources */,
				41ADF3F424463691005426E5 /* ErrorHandlerCoordinator.swift in Sources */,
				41376C892453397F00FB6934 /* UIApplication+Utilities.swift in Sources */,
				410FF64E245B771D003747DF /* CameraModelFactory.swift in Sources */,
				4125941E245C498F004BEB05 /* SettingsDataPersistenceManager.swift in Sources */,
				41ADF3F6244638FB005426E5 /* UIAlertController+Utilities.swift in Sources */,
				410FF64B245B728F003747DF /* CameraModel.swift in Sources */,
				41FB9330244A3E320097F45E /* SettingsTableViewControllerCoordinator.swift in Sources */,
				4157246C24411E7400F4B7E0 /* AppDelegate.swift in Sources */,
				412594412460BAF0004BEB05 /* Appearance.swift in Sources */,
				41FB931A244788060097F45E /* CameraView.swift in Sources */,
				410FF648245B6B06003747DF /* CameraViewModel.swift in Sources */,
				4125945324641BF6004BEB05 /* CameraCaptureSessionManagerConvertible.swift in Sources */,
				41376C902453428600FB6934 /* SocialMediaManager.swift in Sources */,
				41FB931E2448C9890097F45E /* CameraButton.swift in Sources */,
				4125942E245DE6C3004BEB05 /* NotificationCenter+Utilities.swift in Sources */,
				41ADF3EC24460EC8005426E5 /* CaptureSessionManagerDelegate.swift in Sources */,
				41259432245DFC34004BEB05 /* CaptureSessionManagerFactory.swift in Sources */,
				41FB932C244A39A00097F45E /* SettingsTableViewController.swift in Sources */,
				4157246E24411E7400F4B7E0 /* SceneDelegate.swift in Sources */,
				41ADF3DC2444ADA0005426E5 /* CameraViewControllerCoordinator.swift in Sources */,
				415724962442055100F4B7E0 /* Coordinator.swift in Sources */,
				4125944F24630D3E004BEB05 /* CameraCaptureSession.swift in Sources */,
				410FF642245B2CAC003747DF /* UIView+Utilities.swift in Sources */,
				41259424245C7090004BEB05 /* SettingsModelFactory.swift in Sources */,
				41376CCE2459A38E00FB6934 /* MFMailComposeViewControllerFactory.swift in Sources */,
				41259430245DF768004BEB05 /* CameraViewModelFactory.swift in Sources */,
				4125944D2461DD20004BEB05 /* VideoResolution.swift in Sources */,
				41376CD02459AD6800FB6934 /* SettingsTableViewController+UITableViewDelegate.swift in Sources */,
				41259420245C4C72004BEB05 /* UserDefaultsSettingsDataPersistenceManager.swift in Sources */,
				41376C982454D37D00FB6934 /* UserDefaults.swift in Sources */,
				41376C8D24533FDA00FB6934 /* TwitterManager.swift in Sources */,
				41259422245C6F62004BEB05 /* SettingsViewModelFactory.swift in Sources */,
				41FB9332244B76A70097F45E /* ChildCoordinator.swift in Sources */,
				41FB9336244CC5960097F45E /* DispatchQueue+Utilities.swift in Sources */,
				412594492461A6A3004BEB05 /* UIAlertAction+Utilities.swift in Sources */,
			);
			runOnlyForDeploymentPostprocessing = 0;
		};
		4157247A24411E7500F4B7E0 /* Sources */ = {
			isa = PBXSourcesBuildPhase;
			buildActionMask = 2147483647;
			files = (
				412594552464859E004BEB05 /* CameraViewModelTests.swift in Sources */,
				41376C79244F86BC00FB6934 /* BundleTests.swift in Sources */,
				410FF640245A3796003747DF /* ComparableTests.swift in Sources */,
				4125944B2461A76C004BEB05 /* UIAlertActionTests.swift in Sources */,
				412594652465A8F7004BEB05 /* TitleConvertibleTests.swift in Sources */,
				412594632465A5CA004BEB05 /* UserDefaultsTests.swift in Sources */,
				410FF644245B4967003747DF /* UIViewTests.swift in Sources */,
				41ADF3EA2445E95D005426E5 /* CaptureSessionManagerTests.swift in Sources */,
				4125945724648ACD004BEB05 /* CameraModelTests.swift in Sources */,
				4125945B24649B5D004BEB05 /* SettingsViewModelTests.swift in Sources */,
				4125945D24657AE2004BEB05 /* AppearanceManagerTests.swift in Sources */,
				4125945924649589004BEB05 /* SettingsModelTests.swift in Sources */,
				41FB931C244894250097F45E /* CameraViewTests.swift in Sources */,
				41259428245DA3A3004BEB05 /* ArrayTests.swift in Sources */,
				41376C92245344DC00FB6934 /* TwitterManagerTests.swift in Sources */,
				412594472461A428004BEB05 /* UIAlertControllerTests.swift in Sources */,
				41FB932424490F560097F45E /* CameraButtonTests.swift in Sources */,
				4125945F2465A064004BEB05 /* VideoResolutionTests.swift in Sources */,
				41FB93222448D7040097F45E /* CGRectTests.swift in Sources */,
				41FB93282449ED360097F45E /* AudioSessionManagerTests.swift in Sources */,
			);
			runOnlyForDeploymentPostprocessing = 0;
		};
/* End PBXSourcesBuildPhase section */

/* Begin PBXTargetDependency section */
		4157248024411E7500F4B7E0 /* PBXTargetDependency */ = {
			isa = PBXTargetDependency;
			target = 4157246724411E7400F4B7E0 /* VisionCameraDemo */;
			targetProxy = 4157247F24411E7500F4B7E0 /* PBXContainerItemProxy */;
		};
/* End PBXTargetDependency section */

/* Begin PBXVariantGroup section */
		4125943D24608944004BEB05 /* Main.storyboard */ = {
			isa = PBXVariantGroup;
			children = (
				4125943E24608944004BEB05 /* Base */,
			);
			name = Main.storyboard;
			sourceTree = "<group>";
		};
		4157247624411E7500F4B7E0 /* LaunchScreen.storyboard */ = {
			isa = PBXVariantGroup;
			children = (
				4157247724411E7500F4B7E0 /* Base */,
			);
			name = LaunchScreen.storyboard;
			sourceTree = "<group>";
		};
/* End PBXVariantGroup section */

/* Begin XCBuildConfiguration section */
		4157248524411E7500F4B7E0 /* Debug */ = {
			isa = XCBuildConfiguration;
			buildSettings = {
				ALWAYS_SEARCH_USER_PATHS = NO;
				CLANG_ANALYZER_NONNULL = YES;
				CLANG_ANALYZER_NUMBER_OBJECT_CONVERSION = YES_AGGRESSIVE;
				CLANG_CXX_LANGUAGE_STANDARD = "gnu++14";
				CLANG_CXX_LIBRARY = "libc++";
				CLANG_ENABLE_MODULES = YES;
				CLANG_ENABLE_OBJC_ARC = YES;
				CLANG_ENABLE_OBJC_WEAK = YES;
				CLANG_WARN_BLOCK_CAPTURE_AUTORELEASING = YES;
				CLANG_WARN_BOOL_CONVERSION = YES;
				CLANG_WARN_COMMA = YES;
				CLANG_WARN_CONSTANT_CONVERSION = YES;
				CLANG_WARN_DEPRECATED_OBJC_IMPLEMENTATIONS = YES;
				CLANG_WARN_DIRECT_OBJC_ISA_USAGE = YES_ERROR;
				CLANG_WARN_DOCUMENTATION_COMMENTS = YES;
				CLANG_WARN_EMPTY_BODY = YES;
				CLANG_WARN_ENUM_CONVERSION = YES;
				CLANG_WARN_INFINITE_RECURSION = YES;
				CLANG_WARN_INT_CONVERSION = YES;
				CLANG_WARN_NON_LITERAL_NULL_CONVERSION = YES;
				CLANG_WARN_OBJC_IMPLICIT_RETAIN_SELF = YES;
				CLANG_WARN_OBJC_LITERAL_CONVERSION = YES;
				CLANG_WARN_OBJC_ROOT_CLASS = YES_ERROR;
				CLANG_WARN_RANGE_LOOP_ANALYSIS = YES;
				CLANG_WARN_STRICT_PROTOTYPES = YES;
				CLANG_WARN_SUSPICIOUS_MOVE = YES;
				CLANG_WARN_UNGUARDED_AVAILABILITY = YES_AGGRESSIVE;
				CLANG_WARN_UNREACHABLE_CODE = YES;
				CLANG_WARN__DUPLICATE_METHOD_MATCH = YES;
				COPY_PHASE_STRIP = NO;
				DEBUG_INFORMATION_FORMAT = dwarf;
				ENABLE_STRICT_OBJC_MSGSEND = YES;
				ENABLE_TESTABILITY = YES;
				GCC_C_LANGUAGE_STANDARD = gnu11;
				GCC_DYNAMIC_NO_PIC = NO;
				GCC_NO_COMMON_BLOCKS = YES;
				GCC_OPTIMIZATION_LEVEL = 0;
				GCC_PREPROCESSOR_DEFINITIONS = (
					"DEBUG=1",
					"$(inherited)",
				);
				GCC_WARN_64_TO_32_BIT_CONVERSION = YES;
				GCC_WARN_ABOUT_RETURN_TYPE = YES_ERROR;
				GCC_WARN_UNDECLARED_SELECTOR = YES;
				GCC_WARN_UNINITIALIZED_AUTOS = YES_AGGRESSIVE;
				GCC_WARN_UNUSED_FUNCTION = YES;
				GCC_WARN_UNUSED_VARIABLE = YES;
				IPHONEOS_DEPLOYMENT_TARGET = 13.0;
				MTL_ENABLE_DEBUG_INFO = INCLUDE_SOURCE;
				MTL_FAST_MATH = YES;
				ONLY_ACTIVE_ARCH = YES;
				SDKROOT = iphoneos;
				SWIFT_ACTIVE_COMPILATION_CONDITIONS = DEBUG;
				SWIFT_OPTIMIZATION_LEVEL = "-Onone";
			};
			name = Debug;
		};
		4157248624411E7500F4B7E0 /* Release */ = {
			isa = XCBuildConfiguration;
			buildSettings = {
				ALWAYS_SEARCH_USER_PATHS = NO;
				CLANG_ANALYZER_NONNULL = YES;
				CLANG_ANALYZER_NUMBER_OBJECT_CONVERSION = YES_AGGRESSIVE;
				CLANG_CXX_LANGUAGE_STANDARD = "gnu++14";
				CLANG_CXX_LIBRARY = "libc++";
				CLANG_ENABLE_MODULES = YES;
				CLANG_ENABLE_OBJC_ARC = YES;
				CLANG_ENABLE_OBJC_WEAK = YES;
				CLANG_WARN_BLOCK_CAPTURE_AUTORELEASING = YES;
				CLANG_WARN_BOOL_CONVERSION = YES;
				CLANG_WARN_COMMA = YES;
				CLANG_WARN_CONSTANT_CONVERSION = YES;
				CLANG_WARN_DEPRECATED_OBJC_IMPLEMENTATIONS = YES;
				CLANG_WARN_DIRECT_OBJC_ISA_USAGE = YES_ERROR;
				CLANG_WARN_DOCUMENTATION_COMMENTS = YES;
				CLANG_WARN_EMPTY_BODY = YES;
				CLANG_WARN_ENUM_CONVERSION = YES;
				CLANG_WARN_INFINITE_RECURSION = YES;
				CLANG_WARN_INT_CONVERSION = YES;
				CLANG_WARN_NON_LITERAL_NULL_CONVERSION = YES;
				CLANG_WARN_OBJC_IMPLICIT_RETAIN_SELF = YES;
				CLANG_WARN_OBJC_LITERAL_CONVERSION = YES;
				CLANG_WARN_OBJC_ROOT_CLASS = YES_ERROR;
				CLANG_WARN_RANGE_LOOP_ANALYSIS = YES;
				CLANG_WARN_STRICT_PROTOTYPES = YES;
				CLANG_WARN_SUSPICIOUS_MOVE = YES;
				CLANG_WARN_UNGUARDED_AVAILABILITY = YES_AGGRESSIVE;
				CLANG_WARN_UNREACHABLE_CODE = YES;
				CLANG_WARN__DUPLICATE_METHOD_MATCH = YES;
				COPY_PHASE_STRIP = NO;
				DEBUG_INFORMATION_FORMAT = "dwarf-with-dsym";
				ENABLE_NS_ASSERTIONS = NO;
				ENABLE_STRICT_OBJC_MSGSEND = YES;
				GCC_C_LANGUAGE_STANDARD = gnu11;
				GCC_NO_COMMON_BLOCKS = YES;
				GCC_WARN_64_TO_32_BIT_CONVERSION = YES;
				GCC_WARN_ABOUT_RETURN_TYPE = YES_ERROR;
				GCC_WARN_UNDECLARED_SELECTOR = YES;
				GCC_WARN_UNINITIALIZED_AUTOS = YES_AGGRESSIVE;
				GCC_WARN_UNUSED_FUNCTION = YES;
				GCC_WARN_UNUSED_VARIABLE = YES;
				IPHONEOS_DEPLOYMENT_TARGET = 13.0;
				MTL_ENABLE_DEBUG_INFO = NO;
				MTL_FAST_MATH = YES;
				SDKROOT = iphoneos;
				SWIFT_COMPILATION_MODE = wholemodule;
				SWIFT_OPTIMIZATION_LEVEL = "-O";
				VALIDATE_PRODUCT = YES;
			};
			name = Release;
		};
		4157248824411E7500F4B7E0 /* Debug */ = {
			isa = XCBuildConfiguration;
			buildSettings = {
				ASSETCATALOG_COMPILER_APPICON_NAME = AppIcon;
				CODE_SIGN_STYLE = Automatic;
				DEVELOPMENT_TEAM = 95MCL8JN62;
				INFOPLIST_FILE = VisionCameraDemo/Info.plist;
				IPHONEOS_DEPLOYMENT_TARGET = 13.0;
				LD_RUNPATH_SEARCH_PATHS = (
					"$(inherited)",
					"@executable_path/Frameworks",
				);
				PRODUCT_BUNDLE_IDENTIFIER = com.steppenbeck.VisionCameraDemo;
				PRODUCT_NAME = VisionCameraDemo;
				SWIFT_VERSION = 5.0;
				TARGETED_DEVICE_FAMILY = "1,2";
			};
			name = Debug;
		};
		4157248924411E7500F4B7E0 /* Release */ = {
			isa = XCBuildConfiguration;
			buildSettings = {
				ASSETCATALOG_COMPILER_APPICON_NAME = AppIcon;
				CODE_SIGN_STYLE = Automatic;
				DEVELOPMENT_TEAM = 95MCL8JN62;
				INFOPLIST_FILE = VisionCameraDemo/Info.plist;
				IPHONEOS_DEPLOYMENT_TARGET = 13.0;
				LD_RUNPATH_SEARCH_PATHS = (
					"$(inherited)",
					"@executable_path/Frameworks",
				);
				PRODUCT_BUNDLE_IDENTIFIER = com.steppenbeck.VisionCameraDemo;
				PRODUCT_NAME = VisionCameraDemo;
				SWIFT_VERSION = 5.0;
				TARGETED_DEVICE_FAMILY = "1,2";
			};
			name = Release;
		};
		4157248B24411E7500F4B7E0 /* Debug */ = {
			isa = XCBuildConfiguration;
			buildSettings = {
				ALWAYS_EMBED_SWIFT_STANDARD_LIBRARIES = YES;
				BUNDLE_LOADER = "$(TEST_HOST)";
				CLANG_ENABLE_MODULES = YES;
				CODE_SIGN_STYLE = Automatic;
				DEVELOPMENT_TEAM = 95MCL8JN62;
				INFOPLIST_FILE = VisionCameraDemoTests/Info.plist;
				IPHONEOS_DEPLOYMENT_TARGET = 13.0;
				LD_RUNPATH_SEARCH_PATHS = (
					"$(inherited)",
					"@executable_path/Frameworks",
					"@loader_path/Frameworks",
				);
				PRODUCT_BUNDLE_IDENTIFIER = com.steppenbeck.VisionCameraDemoTests;
				PRODUCT_NAME = "$(TARGET_NAME)";
				SWIFT_OBJC_BRIDGING_HEADER = "VisionCameraDemoTests/VisionCameraDemoTests-Bridging-Header.h";
				SWIFT_OPTIMIZATION_LEVEL = "-Onone";
				SWIFT_VERSION = 5.0;
				TARGETED_DEVICE_FAMILY = "1,2";
				TEST_HOST = "$(BUILT_PRODUCTS_DIR)/VisionCameraDemo.app/VisionCameraDemo";
			};
			name = Debug;
		};
		4157248C24411E7500F4B7E0 /* Release */ = {
			isa = XCBuildConfiguration;
			buildSettings = {
				ALWAYS_EMBED_SWIFT_STANDARD_LIBRARIES = YES;
				BUNDLE_LOADER = "$(TEST_HOST)";
				CLANG_ENABLE_MODULES = YES;
				CODE_SIGN_STYLE = Automatic;
				DEVELOPMENT_TEAM = 95MCL8JN62;
				INFOPLIST_FILE = VisionCameraDemoTests/Info.plist;
				IPHONEOS_DEPLOYMENT_TARGET = 13.0;
				LD_RUNPATH_SEARCH_PATHS = (
					"$(inherited)",
					"@executable_path/Frameworks",
					"@loader_path/Frameworks",
				);
				PRODUCT_BUNDLE_IDENTIFIER = com.steppenbeck.VisionCameraDemoTests;
				PRODUCT_NAME = "$(TARGET_NAME)";
				SWIFT_OBJC_BRIDGING_HEADER = "VisionCameraDemoTests/VisionCameraDemoTests-Bridging-Header.h";
				SWIFT_VERSION = 5.0;
				TARGETED_DEVICE_FAMILY = "1,2";
				TEST_HOST = "$(BUILT_PRODUCTS_DIR)/VisionCameraDemo.app/VisionCameraDemo";
			};
			name = Release;
		};
/* End XCBuildConfiguration section */

/* Begin XCConfigurationList section */
		4157246324411E7400F4B7E0 /* Build configuration list for PBXProject "VisionCameraDemo" */ = {
			isa = XCConfigurationList;
			buildConfigurations = (
				4157248524411E7500F4B7E0 /* Debug */,
				4157248624411E7500F4B7E0 /* Release */,
			);
			defaultConfigurationIsVisible = 0;
			defaultConfigurationName = Release;
		};
		4157248724411E7500F4B7E0 /* Build configuration list for PBXNativeTarget "VisionCameraDemo" */ = {
			isa = XCConfigurationList;
			buildConfigurations = (
				4157248824411E7500F4B7E0 /* Debug */,
				4157248924411E7500F4B7E0 /* Release */,
			);
			defaultConfigurationIsVisible = 0;
			defaultConfigurationName = Release;
		};
		4157248A24411E7500F4B7E0 /* Build configuration list for PBXNativeTarget "VisionCameraDemoTests" */ = {
			isa = XCConfigurationList;
			buildConfigurations = (
				4157248B24411E7500F4B7E0 /* Debug */,
				4157248C24411E7500F4B7E0 /* Release */,
			);
			defaultConfigurationIsVisible = 0;
			defaultConfigurationName = Release;
		};
/* End XCConfigurationList section */
	};
	rootObject = 4157246024411E7400F4B7E0 /* Project object */;
}
